// !$*UTF8*$!
{
	archiveVersion = 1;
	classes = {
	};
	objectVersion = 46;
	objects = {

/* Begin PBXBuildFile section */
		6132B7291A2E9E2600C0C6D3 /* DTAlbumToolController.m in Sources */ = {isa = PBXBuildFile; fileRef = 6132B7281A2E9E2600C0C6D3 /* DTAlbumToolController.m */; };
		6132B72D1A2EA82E00C0C6D3 /* DTAlbumEngine.m in Sources */ = {isa = PBXBuildFile; fileRef = 6132B72C1A2EA82E00C0C6D3 /* DTAlbumEngine.m */; };
		6132B7301A2EEB0200C0C6D3 /* DTAlbumDetailsController.m in Sources */ = {isa = PBXBuildFile; fileRef = 6132B72F1A2EEB0100C0C6D3 /* DTAlbumDetailsController.m */; };
		6132B73B1A2F097000C0C6D3 /* DTSystemCommon.m in Sources */ = {isa = PBXBuildFile; fileRef = 6132B73A1A2F097000C0C6D3 /* DTSystemCommon.m */; };
		613E4B471A36956A00A5F92C /* IOKit in Frameworks */ = {isa = PBXBuildFile; fileRef = 613E4B441A36956A00A5F92C /* IOKit */; };
		6142C3EF1A280D46003693B3 /* DTUserDefaults.m in Sources */ = {isa = PBXBuildFile; fileRef = 6142C3EE1A280D46003693B3 /* DTUserDefaults.m */; };
		6142C3F21A2821EC003693B3 /* DTUserDefaultsController.m in Sources */ = {isa = PBXBuildFile; fileRef = 6142C3F11A2821EC003693B3 /* DTUserDefaultsController.m */; };
		6142C3F61A2848CB003693B3 /* DTLabel.m in Sources */ = {isa = PBXBuildFile; fileRef = 6142C3F51A2848CB003693B3 /* DTLabel.m */; };
		6142C3F91A2860FA003693B3 /* DTLabelController.m in Sources */ = {isa = PBXBuildFile; fileRef = 6142C3F81A2860FA003693B3 /* DTLabelController.m */; };
		6142C40F1A2874B4003693B3 /* AFHTTPRequestOperation.m in Sources */ = {isa = PBXBuildFile; fileRef = 6142C3FD1A2874B4003693B3 /* AFHTTPRequestOperation.m */; };
		6142C4101A2874B4003693B3 /* AFHTTPRequestOperationManager.m in Sources */ = {isa = PBXBuildFile; fileRef = 6142C3FF1A2874B4003693B3 /* AFHTTPRequestOperationManager.m */; };
		6142C4111A2874B4003693B3 /* AFHTTPSessionManager.m in Sources */ = {isa = PBXBuildFile; fileRef = 6142C4011A2874B4003693B3 /* AFHTTPSessionManager.m */; };
		6142C4121A2874B4003693B3 /* AFNetworkReachabilityManager.m in Sources */ = {isa = PBXBuildFile; fileRef = 6142C4041A2874B4003693B3 /* AFNetworkReachabilityManager.m */; };
		6142C4131A2874B4003693B3 /* AFSecurityPolicy.m in Sources */ = {isa = PBXBuildFile; fileRef = 6142C4061A2874B4003693B3 /* AFSecurityPolicy.m */; };
		6142C4141A2874B4003693B3 /* AFURLConnectionOperation.m in Sources */ = {isa = PBXBuildFile; fileRef = 6142C4081A2874B4003693B3 /* AFURLConnectionOperation.m */; };
		6142C4151A2874B4003693B3 /* AFURLRequestSerialization.m in Sources */ = {isa = PBXBuildFile; fileRef = 6142C40A1A2874B4003693B3 /* AFURLRequestSerialization.m */; };
		6142C4161A2874B4003693B3 /* AFURLResponseSerialization.m in Sources */ = {isa = PBXBuildFile; fileRef = 6142C40C1A2874B4003693B3 /* AFURLResponseSerialization.m */; };
		6142C4171A2874B4003693B3 /* AFURLSessionManager.m in Sources */ = {isa = PBXBuildFile; fileRef = 6142C40E1A2874B4003693B3 /* AFURLSessionManager.m */; };
		6142C4211A2874BB003693B3 /* DTNetworkCache.m in Sources */ = {isa = PBXBuildFile; fileRef = 6142C41A1A2874BB003693B3 /* DTNetworkCache.m */; };
		6142C4231A2874BB003693B3 /* DTNetworkRequestUtil.m in Sources */ = {isa = PBXBuildFile; fileRef = 6142C41E1A2874BB003693B3 /* DTNetworkRequestUtil.m */; };
		6142C4241A2874BB003693B3 /* DTNetworkResultResponse.m in Sources */ = {isa = PBXBuildFile; fileRef = 6142C4201A2874BB003693B3 /* DTNetworkResultResponse.m */; };
		614CF91E1A2BF18E00B96F45 /* DTString+Check.m in Sources */ = {isa = PBXBuildFile; fileRef = 614CF91D1A2BF18E00B96F45 /* DTString+Check.m */; };
		614CF9411A2BF19500B96F45 /* MKAnnotationView+WebCache.m in Sources */ = {isa = PBXBuildFile; fileRef = 614CF9211A2BF19500B96F45 /* MKAnnotationView+WebCache.m */; };
		614CF9421A2BF19500B96F45 /* NSData+ImageContentType.m in Sources */ = {isa = PBXBuildFile; fileRef = 614CF9231A2BF19500B96F45 /* NSData+ImageContentType.m */; };
		614CF9431A2BF19500B96F45 /* SDImageCache.m in Sources */ = {isa = PBXBuildFile; fileRef = 614CF9251A2BF19500B96F45 /* SDImageCache.m */; };
		614CF9441A2BF19500B96F45 /* SDWebImageCompat.m in Sources */ = {isa = PBXBuildFile; fileRef = 614CF9271A2BF19500B96F45 /* SDWebImageCompat.m */; };
		614CF9451A2BF19500B96F45 /* SDWebImageDecoder.m in Sources */ = {isa = PBXBuildFile; fileRef = 614CF9291A2BF19500B96F45 /* SDWebImageDecoder.m */; };
		614CF9461A2BF19500B96F45 /* SDWebImageDownloader.m in Sources */ = {isa = PBXBuildFile; fileRef = 614CF92B1A2BF19500B96F45 /* SDWebImageDownloader.m */; };
		614CF9471A2BF19500B96F45 /* SDWebImageDownloaderOperation.m in Sources */ = {isa = PBXBuildFile; fileRef = 614CF92D1A2BF19500B96F45 /* SDWebImageDownloaderOperation.m */; };
		614CF9481A2BF19500B96F45 /* SDWebImageManager.m in Sources */ = {isa = PBXBuildFile; fileRef = 614CF92F1A2BF19500B96F45 /* SDWebImageManager.m */; };
		614CF9491A2BF19500B96F45 /* SDWebImagePrefetcher.m in Sources */ = {isa = PBXBuildFile; fileRef = 614CF9321A2BF19500B96F45 /* SDWebImagePrefetcher.m */; };
		614CF94A1A2BF19500B96F45 /* UIButton+WebCache.m in Sources */ = {isa = PBXBuildFile; fileRef = 614CF9341A2BF19500B96F45 /* UIButton+WebCache.m */; };
		614CF94B1A2BF19500B96F45 /* UIImage+GIF.m in Sources */ = {isa = PBXBuildFile; fileRef = 614CF9361A2BF19500B96F45 /* UIImage+GIF.m */; };
		614CF94C1A2BF19500B96F45 /* UIImage+MultiFormat.m in Sources */ = {isa = PBXBuildFile; fileRef = 614CF9381A2BF19500B96F45 /* UIImage+MultiFormat.m */; };
		614CF94D1A2BF19500B96F45 /* UIImage+WebP.m in Sources */ = {isa = PBXBuildFile; fileRef = 614CF93A1A2BF19500B96F45 /* UIImage+WebP.m */; };
		614CF94E1A2BF19500B96F45 /* UIImageView+HighlightedWebCache.m in Sources */ = {isa = PBXBuildFile; fileRef = 614CF93C1A2BF19500B96F45 /* UIImageView+HighlightedWebCache.m */; };
		614CF94F1A2BF19500B96F45 /* UIImageView+WebCache.m in Sources */ = {isa = PBXBuildFile; fileRef = 614CF93E1A2BF19500B96F45 /* UIImageView+WebCache.m */; };
		614CF9501A2BF19500B96F45 /* UIView+WebCacheOperation.m in Sources */ = {isa = PBXBuildFile; fileRef = 614CF9401A2BF19500B96F45 /* UIView+WebCacheOperation.m */; };
		614CF95B1A2C010600B96F45 /* DTPrivateTool.m in Sources */ = {isa = PBXBuildFile; fileRef = 614CF95A1A2C010600B96F45 /* DTPrivateTool.m */; };
		614CF95F1A2C133000B96F45 /* DTAlbumTool.m in Sources */ = {isa = PBXBuildFile; fileRef = 614CF95E1A2C133000B96F45 /* DTAlbumTool.m */; };
		61655C8A1A2424FF00660E48 /* DTImage+Category.m in Sources */ = {isa = PBXBuildFile; fileRef = 61655C731A2424FF00660E48 /* DTImage+Category.m */; };
		61655C8B1A2424FF00660E48 /* DateUtil.m in Sources */ = {isa = PBXBuildFile; fileRef = 61655C761A2424FF00660E48 /* DateUtil.m */; };
		61655C8E1A2424FF00660E48 /* DTCycleScrollView.m in Sources */ = {isa = PBXBuildFile; fileRef = 61655C7E1A2424FF00660E48 /* DTCycleScrollView.m */; };
		61655C8F1A2424FF00660E48 /* DTGridTableView.m in Sources */ = {isa = PBXBuildFile; fileRef = 61655C811A2424FF00660E48 /* DTGridTableView.m */; };
		61655C901A2424FF00660E48 /* DTGridTableViewCell.m in Sources */ = {isa = PBXBuildFile; fileRef = 61655C831A2424FF00660E48 /* DTGridTableViewCell.m */; };
		61655C911A2424FF00660E48 /* DTTabBar.m in Sources */ = {isa = PBXBuildFile; fileRef = 61655C871A2424FF00660E48 /* DTTabBar.m */; };
		61655C921A2424FF00660E48 /* DTTabBarItem.m in Sources */ = {isa = PBXBuildFile; fileRef = 61655C891A2424FF00660E48 /* DTTabBarItem.m */; };
		61655C961A2426B700660E48 /* DTButton.m in Sources */ = {isa = PBXBuildFile; fileRef = 61655C951A2426B700660E48 /* DTButton.m */; };
		61655C9A1A2451E900660E48 /* DTCycleScrollViewController.m in Sources */ = {isa = PBXBuildFile; fileRef = 61655C991A2451E900660E48 /* DTCycleScrollViewController.m */; };
		61655CB11A245D1200660E48 /* MJRefresh.bundle in Resources */ = {isa = PBXBuildFile; fileRef = 61655CA11A245D1200660E48 /* MJRefresh.bundle */; };
		61655CB21A245D1200660E48 /* MJRefreshBaseView.m in Sources */ = {isa = PBXBuildFile; fileRef = 61655CA41A245D1200660E48 /* MJRefreshBaseView.m */; };
		61655CB31A245D1200660E48 /* MJRefreshConst.m in Sources */ = {isa = PBXBuildFile; fileRef = 61655CA61A245D1200660E48 /* MJRefreshConst.m */; };
		61655CB41A245D1200660E48 /* MJRefreshFooterView.m in Sources */ = {isa = PBXBuildFile; fileRef = 61655CA81A245D1200660E48 /* MJRefreshFooterView.m */; };
		61655CB51A245D1200660E48 /* MJRefreshHeaderView.m in Sources */ = {isa = PBXBuildFile; fileRef = 61655CAA1A245D1200660E48 /* MJRefreshHeaderView.m */; };
		61655CB61A245D1200660E48 /* UIScrollView+MJExtension.m in Sources */ = {isa = PBXBuildFile; fileRef = 61655CAC1A245D1200660E48 /* UIScrollView+MJExtension.m */; };
		61655CB71A245D1200660E48 /* UIScrollView+MJRefresh.m in Sources */ = {isa = PBXBuildFile; fileRef = 61655CAE1A245D1200660E48 /* UIScrollView+MJRefresh.m */; };
		61655CB81A245D1200660E48 /* UIView+MJExtension.m in Sources */ = {isa = PBXBuildFile; fileRef = 61655CB01A245D1200660E48 /* UIView+MJExtension.m */; };
		61655CBB1A24639D00660E48 /* DTGridTableCellView.m in Sources */ = {isa = PBXBuildFile; fileRef = 61655CBA1A24639D00660E48 /* DTGridTableCellView.m */; };
		61655CBE1A24693D00660E48 /* DTGridTableViewController.m in Sources */ = {isa = PBXBuildFile; fileRef = 61655CBD1A24693D00660E48 /* DTGridTableViewController.m */; };
		61655CC11A24700400660E48 /* DTTabBarController.m in Sources */ = {isa = PBXBuildFile; fileRef = 61655CC01A24700400660E48 /* DTTabBarController.m */; };
		61655CCF1A24721D00660E48 /* tab_bottom_bar_bg@2x.png in Resources */ = {isa = PBXBuildFile; fileRef = 61655CC41A24721D00660E48 /* tab_bottom_bar_bg@2x.png */; };
		61655CD01A24721E00660E48 /* tab_home1@2x.png in Resources */ = {isa = PBXBuildFile; fileRef = 61655CC51A24721D00660E48 /* tab_home1@2x.png */; };
		61655CD11A24721E00660E48 /* tab_home2@2x.png in Resources */ = {isa = PBXBuildFile; fileRef = 61655CC61A24721D00660E48 /* tab_home2@2x.png */; };
		61655CD21A24721E00660E48 /* tab_life1@2x.png in Resources */ = {isa = PBXBuildFile; fileRef = 61655CC71A24721D00660E48 /* tab_life1@2x.png */; };
		61655CD31A24721E00660E48 /* tab_life2@2x.png in Resources */ = {isa = PBXBuildFile; fileRef = 61655CC81A24721D00660E48 /* tab_life2@2x.png */; };
		61655CD41A24721E00660E48 /* tab_more1@2x.png in Resources */ = {isa = PBXBuildFile; fileRef = 61655CC91A24721D00660E48 /* tab_more1@2x.png */; };
		61655CD51A24721E00660E48 /* tab_more2@2x.png in Resources */ = {isa = PBXBuildFile; fileRef = 61655CCA1A24721D00660E48 /* tab_more2@2x.png */; };
		61655CD61A24721E00660E48 /* tab_property1@2x.png in Resources */ = {isa = PBXBuildFile; fileRef = 61655CCB1A24721D00660E48 /* tab_property1@2x.png */; };
		61655CD71A24721E00660E48 /* tab_property2@2x.png in Resources */ = {isa = PBXBuildFile; fileRef = 61655CCC1A24721D00660E48 /* tab_property2@2x.png */; };
		61655CD81A24721E00660E48 /* tab_setting1@2x.png in Resources */ = {isa = PBXBuildFile; fileRef = 61655CCD1A24721D00660E48 /* tab_setting1@2x.png */; };
		61655CD91A24721E00660E48 /* tab_setting2@2x.png in Resources */ = {isa = PBXBuildFile; fileRef = 61655CCE1A24721D00660E48 /* tab_setting2@2x.png */; };
		61655CDC1A24742900660E48 /* DTButtonController.m in Sources */ = {isa = PBXBuildFile; fileRef = 61655CDB1A24742900660E48 /* DTButtonController.m */; };
		61655CE01A2478D500660E48 /* proserver_loan_check_act_btn@2x.png in Resources */ = {isa = PBXBuildFile; fileRef = 61655CDE1A2478D500660E48 /* proserver_loan_check_act_btn@2x.png */; };
		61655CE11A2478D500660E48 /* proserver_loan_check_btn@2x.png in Resources */ = {isa = PBXBuildFile; fileRef = 61655CDF1A2478D500660E48 /* proserver_loan_check_btn@2x.png */; };
		61655CE41A247CDD00660E48 /* DTImageTopButton.m in Sources */ = {isa = PBXBuildFile; fileRef = 61655CE31A247CDD00660E48 /* DTImageTopButton.m */; };
		61655CEE1A2483C100660E48 /* DTTableView.m in Sources */ = {isa = PBXBuildFile; fileRef = 61655CE71A2483C100660E48 /* DTTableView.m */; };
		61655CEF1A2483C100660E48 /* DTTableViewCell.m in Sources */ = {isa = PBXBuildFile; fileRef = 61655CE91A2483C100660E48 /* DTTableViewCell.m */; };
		61655CF01A2483C100660E48 /* DTTableViewDataSource.m in Sources */ = {isa = PBXBuildFile; fileRef = 61655CEB1A2483C100660E48 /* DTTableViewDataSource.m */; };
		61655CF11A2483C100660E48 /* DTTableViewSectionDataSource.m in Sources */ = {isa = PBXBuildFile; fileRef = 61655CED1A2483C100660E48 /* DTTableViewSectionDataSource.m */; };
		6165DC671A39352400042703 /* DTPrivateToolController.m in Sources */ = {isa = PBXBuildFile; fileRef = 6165DC661A39352400042703 /* DTPrivateToolController.m */; };
		6165DC6A1A393AED00042703 /* DTPrivateToolInstalledAppsController.m in Sources */ = {isa = PBXBuildFile; fileRef = 6165DC691A393AED00042703 /* DTPrivateToolInstalledAppsController.m */; };
		6165DC6D1A396E8800042703 /* DTInstalledAppsDetailController.m in Sources */ = {isa = PBXBuildFile; fileRef = 6165DC6C1A396E8800042703 /* DTInstalledAppsDetailController.m */; };
		61713EC61A37F89E0030327D /* DTInstalledAppModel.m in Sources */ = {isa = PBXBuildFile; fileRef = 61713EC51A37F89E0030327D /* DTInstalledAppModel.m */; };
		61713EFC1A3833AC0030327D /* DTAddressBookToolController.m in Sources */ = {isa = PBXBuildFile; fileRef = 61713EFB1A3833AC0030327D /* DTAddressBookToolController.m */; };
		61713F001A383BF50030327D /* DTAddressBookDetailController.m in Sources */ = {isa = PBXBuildFile; fileRef = 61713EFF1A383BF50030327D /* DTAddressBookDetailController.m */; };
		61739B311A26EAF9007F973C /* DTAlertViewController.m in Sources */ = {isa = PBXBuildFile; fileRef = 61739B301A26EAF9007F973C /* DTAlertViewController.m */; };
		61739B351A26F32E007F973C /* DTClickImageView.m in Sources */ = {isa = PBXBuildFile; fileRef = 61739B341A26F32E007F973C /* DTClickImageView.m */; };
		61739B671A27185C007F973C /* DTImageViewController.m in Sources */ = {isa = PBXBuildFile; fileRef = 61739B661A27185C007F973C /* DTImageViewController.m */; };
		61739B6C1A271DE7007F973C /* friendscircle_others_dialogbox_pic3@2x.png in Resources */ = {isa = PBXBuildFile; fileRef = 61739B691A271DE7007F973C /* friendscircle_others_dialogbox_pic3@2x.png */; };
		61739B6D1A271DE7007F973C /* friendscircle_others_smallhead_20@2x.png in Resources */ = {isa = PBXBuildFile; fileRef = 61739B6A1A271DE7007F973C /* friendscircle_others_smallhead_20@2x.png */; };
		61739B6E1A271DE7007F973C /* pengyouquan_detail_pic@2x.png in Resources */ = {isa = PBXBuildFile; fileRef = 61739B6B1A271DE7007F973C /* pengyouquan_detail_pic@2x.png */; };
		618659FB1A256D1D0036F61C /* DTTableViewController.m in Sources */ = {isa = PBXBuildFile; fileRef = 618659FA1A256D1D0036F61C /* DTTableViewController.m */; };
		61865A021A257BBF0036F61C /* DTTableViewControllerCell.m in Sources */ = {isa = PBXBuildFile; fileRef = 61865A011A257BBF0036F61C /* DTTableViewControllerCell.m */; };
		61865A051A2580040036F61C /* DTTableViewStyle1Controller.m in Sources */ = {isa = PBXBuildFile; fileRef = 61865A041A2580040036F61C /* DTTableViewStyle1Controller.m */; };
		61865A081A25A3610036F61C /* DTTableViewStyle2Controller.m in Sources */ = {isa = PBXBuildFile; fileRef = 61865A071A25A3610036F61C /* DTTableViewStyle2Controller.m */; };
		61865A0B1A25A46D0036F61C /* DTTableViewStyleCell1.m in Sources */ = {isa = PBXBuildFile; fileRef = 61865A0A1A25A46D0036F61C /* DTTableViewStyleCell1.m */; };
		61865A0E1A25A47C0036F61C /* DTTableViewStyleCell2.m in Sources */ = {isa = PBXBuildFile; fileRef = 61865A0D1A25A47C0036F61C /* DTTableViewStyleCell2.m */; };
		61865A111A25AC5D0036F61C /* DTTableViewStyle3Controller.m in Sources */ = {isa = PBXBuildFile; fileRef = 61865A101A25AC5D0036F61C /* DTTableViewStyle3Controller.m */; };
		61865A1A1A25CA030036F61C /* DTTableViewStyle4Controller.m in Sources */ = {isa = PBXBuildFile; fileRef = 61865A191A25CA030036F61C /* DTTableViewStyle4Controller.m */; };
		61865A1E1A25D6F60036F61C /* DTAlertView.m in Sources */ = {isa = PBXBuildFile; fileRef = 61865A1D1A25D6F60036F61C /* DTAlertView.m */; };
		61BDD22F1A23305A00C15AE3 /* main.m in Sources */ = {isa = PBXBuildFile; fileRef = 61BDD22E1A23305A00C15AE3 /* main.m */; };
		61BDD2321A23305A00C15AE3 /* AppDelegate.m in Sources */ = {isa = PBXBuildFile; fileRef = 61BDD2311A23305A00C15AE3 /* AppDelegate.m */; };
		61BDD2351A23305A00C15AE3 /* ViewController.m in Sources */ = {isa = PBXBuildFile; fileRef = 61BDD2341A23305A00C15AE3 /* ViewController.m */; };
		61BDD2381A23305A00C15AE3 /* Main.storyboard in Resources */ = {isa = PBXBuildFile; fileRef = 61BDD2361A23305A00C15AE3 /* Main.storyboard */; };
		61BDD23A1A23305A00C15AE3 /* Images.xcassets in Resources */ = {isa = PBXBuildFile; fileRef = 61BDD2391A23305A00C15AE3 /* Images.xcassets */; };
		61BDD23D1A23305A00C15AE3 /* LaunchScreen.xib in Resources */ = {isa = PBXBuildFile; fileRef = 61BDD23B1A23305A00C15AE3 /* LaunchScreen.xib */; };
		61BDD2491A23305B00C15AE3 /* DTKitDemoTests.m in Sources */ = {isa = PBXBuildFile; fileRef = 61BDD2481A23305B00C15AE3 /* DTKitDemoTests.m */; };
		61D5CA321A30565F0061E49A /* DTAddressBookTool.m in Sources */ = {isa = PBXBuildFile; fileRef = 61D5CA311A30565F0061E49A /* DTAddressBookTool.m */; };
		61D5CA351A3056CB0061E49A /* DTAddressBookModel.m in Sources */ = {isa = PBXBuildFile; fileRef = 61D5CA341A3056CB0061E49A /* DTAddressBookModel.m */; };
/* End PBXBuildFile section */

/* Begin PBXContainerItemProxy section */
		61BDD2431A23305B00C15AE3 /* PBXContainerItemProxy */ = {
			isa = PBXContainerItemProxy;
			containerPortal = 61BDD2211A23305A00C15AE3 /* Project object */;
			proxyType = 1;
			remoteGlobalIDString = 61BDD2281A23305A00C15AE3;
			remoteInfo = DTKitDemo;
		};
/* End PBXContainerItemProxy section */

/* Begin PBXFileReference section */
		6132B7271A2E9E2600C0C6D3 /* DTAlbumToolController.h */ = {isa = PBXFileReference; fileEncoding = 4; lastKnownFileType = sourcecode.c.h; path = DTAlbumToolController.h; sourceTree = "<group>"; };
		6132B7281A2E9E2600C0C6D3 /* DTAlbumToolController.m */ = {isa = PBXFileReference; fileEncoding = 4; lastKnownFileType = sourcecode.c.objc; path = DTAlbumToolController.m; sourceTree = "<group>"; };
		6132B72B1A2EA82E00C0C6D3 /* DTAlbumEngine.h */ = {isa = PBXFileReference; fileEncoding = 4; lastKnownFileType = sourcecode.c.h; path = DTAlbumEngine.h; sourceTree = "<group>"; };
		6132B72C1A2EA82E00C0C6D3 /* DTAlbumEngine.m */ = {isa = PBXFileReference; fileEncoding = 4; lastKnownFileType = sourcecode.c.objc; path = DTAlbumEngine.m; sourceTree = "<group>"; };
		6132B72E1A2EEB0100C0C6D3 /* DTAlbumDetailsController.h */ = {isa = PBXFileReference; fileEncoding = 4; lastKnownFileType = sourcecode.c.h; path = DTAlbumDetailsController.h; sourceTree = "<group>"; };
		6132B72F1A2EEB0100C0C6D3 /* DTAlbumDetailsController.m */ = {isa = PBXFileReference; fileEncoding = 4; lastKnownFileType = sourcecode.c.objc; path = DTAlbumDetailsController.m; sourceTree = "<group>"; };
		6132B7391A2F097000C0C6D3 /* DTSystemCommon.h */ = {isa = PBXFileReference; fileEncoding = 4; lastKnownFileType = sourcecode.c.h; path = DTSystemCommon.h; sourceTree = "<group>"; };
		6132B73A1A2F097000C0C6D3 /* DTSystemCommon.m */ = {isa = PBXFileReference; fileEncoding = 4; lastKnownFileType = sourcecode.c.objc; path = DTSystemCommon.m; sourceTree = "<group>"; };
		613E4B441A36956A00A5F92C /* IOKit */ = {isa = PBXFileReference; lastKnownFileType = "compiled.mach-o.dylib"; path = IOKit; sourceTree = "<group>"; };
		613E4B451A36956A00A5F92C /* IOPowerSources.h */ = {isa = PBXFileReference; fileEncoding = 4; lastKnownFileType = sourcecode.c.h; path = IOPowerSources.h; sourceTree = "<group>"; };
		613E4B461A36956A00A5F92C /* IOPSKeys.h */ = {isa = PBXFileReference; fileEncoding = 4; lastKnownFileType = sourcecode.c.h; path = IOPSKeys.h; sourceTree = "<group>"; };
		6142C3ED1A280D46003693B3 /* DTUserDefaults.h */ = {isa = PBXFileReference; fileEncoding = 4; lastKnownFileType = sourcecode.c.h; path = DTUserDefaults.h; sourceTree = "<group>"; };
		6142C3EE1A280D46003693B3 /* DTUserDefaults.m */ = {isa = PBXFileReference; fileEncoding = 4; lastKnownFileType = sourcecode.c.objc; path = DTUserDefaults.m; sourceTree = "<group>"; };
		6142C3F01A2821EC003693B3 /* DTUserDefaultsController.h */ = {isa = PBXFileReference; fileEncoding = 4; lastKnownFileType = sourcecode.c.h; path = DTUserDefaultsController.h; sourceTree = "<group>"; };
		6142C3F11A2821EC003693B3 /* DTUserDefaultsController.m */ = {isa = PBXFileReference; fileEncoding = 4; lastKnownFileType = sourcecode.c.objc; path = DTUserDefaultsController.m; sourceTree = "<group>"; };
		6142C3F41A2848CB003693B3 /* DTLabel.h */ = {isa = PBXFileReference; fileEncoding = 4; lastKnownFileType = sourcecode.c.h; path = DTLabel.h; sourceTree = "<group>"; };
		6142C3F51A2848CB003693B3 /* DTLabel.m */ = {isa = PBXFileReference; fileEncoding = 4; lastKnownFileType = sourcecode.c.objc; path = DTLabel.m; sourceTree = "<group>"; };
		6142C3F71A2860FA003693B3 /* DTLabelController.h */ = {isa = PBXFileReference; fileEncoding = 4; lastKnownFileType = sourcecode.c.h; path = DTLabelController.h; sourceTree = "<group>"; };
		6142C3F81A2860FA003693B3 /* DTLabelController.m */ = {isa = PBXFileReference; fileEncoding = 4; lastKnownFileType = sourcecode.c.objc; path = DTLabelController.m; sourceTree = "<group>"; };
		6142C3FC1A2874B4003693B3 /* AFHTTPRequestOperation.h */ = {isa = PBXFileReference; fileEncoding = 4; lastKnownFileType = sourcecode.c.h; path = AFHTTPRequestOperation.h; sourceTree = "<group>"; };
		6142C3FD1A2874B4003693B3 /* AFHTTPRequestOperation.m */ = {isa = PBXFileReference; fileEncoding = 4; lastKnownFileType = sourcecode.c.objc; path = AFHTTPRequestOperation.m; sourceTree = "<group>"; };
		6142C3FE1A2874B4003693B3 /* AFHTTPRequestOperationManager.h */ = {isa = PBXFileReference; fileEncoding = 4; lastKnownFileType = sourcecode.c.h; path = AFHTTPRequestOperationManager.h; sourceTree = "<group>"; };
		6142C3FF1A2874B4003693B3 /* AFHTTPRequestOperationManager.m */ = {isa = PBXFileReference; fileEncoding = 4; lastKnownFileType = sourcecode.c.objc; path = AFHTTPRequestOperationManager.m; sourceTree = "<group>"; };
		6142C4001A2874B4003693B3 /* AFHTTPSessionManager.h */ = {isa = PBXFileReference; fileEncoding = 4; lastKnownFileType = sourcecode.c.h; path = AFHTTPSessionManager.h; sourceTree = "<group>"; };
		6142C4011A2874B4003693B3 /* AFHTTPSessionManager.m */ = {isa = PBXFileReference; fileEncoding = 4; lastKnownFileType = sourcecode.c.objc; path = AFHTTPSessionManager.m; sourceTree = "<group>"; };
		6142C4021A2874B4003693B3 /* AFNetworking.h */ = {isa = PBXFileReference; fileEncoding = 4; lastKnownFileType = sourcecode.c.h; path = AFNetworking.h; sourceTree = "<group>"; };
		6142C4031A2874B4003693B3 /* AFNetworkReachabilityManager.h */ = {isa = PBXFileReference; fileEncoding = 4; lastKnownFileType = sourcecode.c.h; path = AFNetworkReachabilityManager.h; sourceTree = "<group>"; };
		6142C4041A2874B4003693B3 /* AFNetworkReachabilityManager.m */ = {isa = PBXFileReference; fileEncoding = 4; lastKnownFileType = sourcecode.c.objc; path = AFNetworkReachabilityManager.m; sourceTree = "<group>"; };
		6142C4051A2874B4003693B3 /* AFSecurityPolicy.h */ = {isa = PBXFileReference; fileEncoding = 4; lastKnownFileType = sourcecode.c.h; path = AFSecurityPolicy.h; sourceTree = "<group>"; };
		6142C4061A2874B4003693B3 /* AFSecurityPolicy.m */ = {isa = PBXFileReference; fileEncoding = 4; lastKnownFileType = sourcecode.c.objc; path = AFSecurityPolicy.m; sourceTree = "<group>"; };
		6142C4071A2874B4003693B3 /* AFURLConnectionOperation.h */ = {isa = PBXFileReference; fileEncoding = 4; lastKnownFileType = sourcecode.c.h; path = AFURLConnectionOperation.h; sourceTree = "<group>"; };
		6142C4081A2874B4003693B3 /* AFURLConnectionOperation.m */ = {isa = PBXFileReference; fileEncoding = 4; lastKnownFileType = sourcecode.c.objc; path = AFURLConnectionOperation.m; sourceTree = "<group>"; };
		6142C4091A2874B4003693B3 /* AFURLRequestSerialization.h */ = {isa = PBXFileReference; fileEncoding = 4; lastKnownFileType = sourcecode.c.h; path = AFURLRequestSerialization.h; sourceTree = "<group>"; };
		6142C40A1A2874B4003693B3 /* AFURLRequestSerialization.m */ = {isa = PBXFileReference; fileEncoding = 4; lastKnownFileType = sourcecode.c.objc; path = AFURLRequestSerialization.m; sourceTree = "<group>"; };
		6142C40B1A2874B4003693B3 /* AFURLResponseSerialization.h */ = {isa = PBXFileReference; fileEncoding = 4; lastKnownFileType = sourcecode.c.h; path = AFURLResponseSerialization.h; sourceTree = "<group>"; };
		6142C40C1A2874B4003693B3 /* AFURLResponseSerialization.m */ = {isa = PBXFileReference; fileEncoding = 4; lastKnownFileType = sourcecode.c.objc; path = AFURLResponseSerialization.m; sourceTree = "<group>"; };
		6142C40D1A2874B4003693B3 /* AFURLSessionManager.h */ = {isa = PBXFileReference; fileEncoding = 4; lastKnownFileType = sourcecode.c.h; path = AFURLSessionManager.h; sourceTree = "<group>"; };
		6142C40E1A2874B4003693B3 /* AFURLSessionManager.m */ = {isa = PBXFileReference; fileEncoding = 4; lastKnownFileType = sourcecode.c.objc; path = AFURLSessionManager.m; sourceTree = "<group>"; };
		6142C4191A2874BB003693B3 /* DTNetworkCache.h */ = {isa = PBXFileReference; fileEncoding = 4; lastKnownFileType = sourcecode.c.h; path = DTNetworkCache.h; sourceTree = "<group>"; };
		6142C41A1A2874BB003693B3 /* DTNetworkCache.m */ = {isa = PBXFileReference; fileEncoding = 4; lastKnownFileType = sourcecode.c.objc; path = DTNetworkCache.m; sourceTree = "<group>"; };
		6142C41D1A2874BB003693B3 /* DTNetworkRequestUtil.h */ = {isa = PBXFileReference; fileEncoding = 4; lastKnownFileType = sourcecode.c.h; path = DTNetworkRequestUtil.h; sourceTree = "<group>"; };
		6142C41E1A2874BB003693B3 /* DTNetworkRequestUtil.m */ = {isa = PBXFileReference; fileEncoding = 4; lastKnownFileType = sourcecode.c.objc; path = DTNetworkRequestUtil.m; sourceTree = "<group>"; };
		6142C41F1A2874BB003693B3 /* DTNetworkResultResponse.h */ = {isa = PBXFileReference; fileEncoding = 4; lastKnownFileType = sourcecode.c.h; path = DTNetworkResultResponse.h; sourceTree = "<group>"; };
		6142C4201A2874BB003693B3 /* DTNetworkResultResponse.m */ = {isa = PBXFileReference; fileEncoding = 4; lastKnownFileType = sourcecode.c.objc; path = DTNetworkResultResponse.m; sourceTree = "<group>"; };
		614CF91C1A2BF18E00B96F45 /* DTString+Check.h */ = {isa = PBXFileReference; fileEncoding = 4; lastKnownFileType = sourcecode.c.h; path = "DTString+Check.h"; sourceTree = "<group>"; };
		614CF91D1A2BF18E00B96F45 /* DTString+Check.m */ = {isa = PBXFileReference; fileEncoding = 4; lastKnownFileType = sourcecode.c.objc; path = "DTString+Check.m"; sourceTree = "<group>"; };
		614CF9201A2BF19500B96F45 /* MKAnnotationView+WebCache.h */ = {isa = PBXFileReference; fileEncoding = 4; lastKnownFileType = sourcecode.c.h; path = "MKAnnotationView+WebCache.h"; sourceTree = "<group>"; };
		614CF9211A2BF19500B96F45 /* MKAnnotationView+WebCache.m */ = {isa = PBXFileReference; fileEncoding = 4; lastKnownFileType = sourcecode.c.objc; path = "MKAnnotationView+WebCache.m"; sourceTree = "<group>"; };
		614CF9221A2BF19500B96F45 /* NSData+ImageContentType.h */ = {isa = PBXFileReference; fileEncoding = 4; lastKnownFileType = sourcecode.c.h; path = "NSData+ImageContentType.h"; sourceTree = "<group>"; };
		614CF9231A2BF19500B96F45 /* NSData+ImageContentType.m */ = {isa = PBXFileReference; fileEncoding = 4; lastKnownFileType = sourcecode.c.objc; path = "NSData+ImageContentType.m"; sourceTree = "<group>"; };
		614CF9241A2BF19500B96F45 /* SDImageCache.h */ = {isa = PBXFileReference; fileEncoding = 4; lastKnownFileType = sourcecode.c.h; path = SDImageCache.h; sourceTree = "<group>"; };
		614CF9251A2BF19500B96F45 /* SDImageCache.m */ = {isa = PBXFileReference; fileEncoding = 4; lastKnownFileType = sourcecode.c.objc; path = SDImageCache.m; sourceTree = "<group>"; };
		614CF9261A2BF19500B96F45 /* SDWebImageCompat.h */ = {isa = PBXFileReference; fileEncoding = 4; lastKnownFileType = sourcecode.c.h; path = SDWebImageCompat.h; sourceTree = "<group>"; };
		614CF9271A2BF19500B96F45 /* SDWebImageCompat.m */ = {isa = PBXFileReference; fileEncoding = 4; lastKnownFileType = sourcecode.c.objc; path = SDWebImageCompat.m; sourceTree = "<group>"; };
		614CF9281A2BF19500B96F45 /* SDWebImageDecoder.h */ = {isa = PBXFileReference; fileEncoding = 4; lastKnownFileType = sourcecode.c.h; path = SDWebImageDecoder.h; sourceTree = "<group>"; };
		614CF9291A2BF19500B96F45 /* SDWebImageDecoder.m */ = {isa = PBXFileReference; fileEncoding = 4; lastKnownFileType = sourcecode.c.objc; path = SDWebImageDecoder.m; sourceTree = "<group>"; };
		614CF92A1A2BF19500B96F45 /* SDWebImageDownloader.h */ = {isa = PBXFileReference; fileEncoding = 4; lastKnownFileType = sourcecode.c.h; path = SDWebImageDownloader.h; sourceTree = "<group>"; };
		614CF92B1A2BF19500B96F45 /* SDWebImageDownloader.m */ = {isa = PBXFileReference; fileEncoding = 4; lastKnownFileType = sourcecode.c.objc; path = SDWebImageDownloader.m; sourceTree = "<group>"; };
		614CF92C1A2BF19500B96F45 /* SDWebImageDownloaderOperation.h */ = {isa = PBXFileReference; fileEncoding = 4; lastKnownFileType = sourcecode.c.h; path = SDWebImageDownloaderOperation.h; sourceTree = "<group>"; };
		614CF92D1A2BF19500B96F45 /* SDWebImageDownloaderOperation.m */ = {isa = PBXFileReference; fileEncoding = 4; lastKnownFileType = sourcecode.c.objc; path = SDWebImageDownloaderOperation.m; sourceTree = "<group>"; };
		614CF92E1A2BF19500B96F45 /* SDWebImageManager.h */ = {isa = PBXFileReference; fileEncoding = 4; lastKnownFileType = sourcecode.c.h; path = SDWebImageManager.h; sourceTree = "<group>"; };
		614CF92F1A2BF19500B96F45 /* SDWebImageManager.m */ = {isa = PBXFileReference; fileEncoding = 4; lastKnownFileType = sourcecode.c.objc; path = SDWebImageManager.m; sourceTree = "<group>"; };
		614CF9301A2BF19500B96F45 /* SDWebImageOperation.h */ = {isa = PBXFileReference; fileEncoding = 4; lastKnownFileType = sourcecode.c.h; path = SDWebImageOperation.h; sourceTree = "<group>"; };
		614CF9311A2BF19500B96F45 /* SDWebImagePrefetcher.h */ = {isa = PBXFileReference; fileEncoding = 4; lastKnownFileType = sourcecode.c.h; path = SDWebImagePrefetcher.h; sourceTree = "<group>"; };
		614CF9321A2BF19500B96F45 /* SDWebImagePrefetcher.m */ = {isa = PBXFileReference; fileEncoding = 4; lastKnownFileType = sourcecode.c.objc; path = SDWebImagePrefetcher.m; sourceTree = "<group>"; };
		614CF9331A2BF19500B96F45 /* UIButton+WebCache.h */ = {isa = PBXFileReference; fileEncoding = 4; lastKnownFileType = sourcecode.c.h; path = "UIButton+WebCache.h"; sourceTree = "<group>"; };
		614CF9341A2BF19500B96F45 /* UIButton+WebCache.m */ = {isa = PBXFileReference; fileEncoding = 4; lastKnownFileType = sourcecode.c.objc; path = "UIButton+WebCache.m"; sourceTree = "<group>"; };
		614CF9351A2BF19500B96F45 /* UIImage+GIF.h */ = {isa = PBXFileReference; fileEncoding = 4; lastKnownFileType = sourcecode.c.h; path = "UIImage+GIF.h"; sourceTree = "<group>"; };
		614CF9361A2BF19500B96F45 /* UIImage+GIF.m */ = {isa = PBXFileReference; fileEncoding = 4; lastKnownFileType = sourcecode.c.objc; path = "UIImage+GIF.m"; sourceTree = "<group>"; };
		614CF9371A2BF19500B96F45 /* UIImage+MultiFormat.h */ = {isa = PBXFileReference; fileEncoding = 4; lastKnownFileType = sourcecode.c.h; path = "UIImage+MultiFormat.h"; sourceTree = "<group>"; };
		614CF9381A2BF19500B96F45 /* UIImage+MultiFormat.m */ = {isa = PBXFileReference; fileEncoding = 4; lastKnownFileType = sourcecode.c.objc; path = "UIImage+MultiFormat.m"; sourceTree = "<group>"; };
		614CF9391A2BF19500B96F45 /* UIImage+WebP.h */ = {isa = PBXFileReference; fileEncoding = 4; lastKnownFileType = sourcecode.c.h; path = "UIImage+WebP.h"; sourceTree = "<group>"; };
		614CF93A1A2BF19500B96F45 /* UIImage+WebP.m */ = {isa = PBXFileReference; fileEncoding = 4; lastKnownFileType = sourcecode.c.objc; path = "UIImage+WebP.m"; sourceTree = "<group>"; };
		614CF93B1A2BF19500B96F45 /* UIImageView+HighlightedWebCache.h */ = {isa = PBXFileReference; fileEncoding = 4; lastKnownFileType = sourcecode.c.h; path = "UIImageView+HighlightedWebCache.h"; sourceTree = "<group>"; };
		614CF93C1A2BF19500B96F45 /* UIImageView+HighlightedWebCache.m */ = {isa = PBXFileReference; fileEncoding = 4; lastKnownFileType = sourcecode.c.objc; path = "UIImageView+HighlightedWebCache.m"; sourceTree = "<group>"; };
		614CF93D1A2BF19500B96F45 /* UIImageView+WebCache.h */ = {isa = PBXFileReference; fileEncoding = 4; lastKnownFileType = sourcecode.c.h; path = "UIImageView+WebCache.h"; sourceTree = "<group>"; };
		614CF93E1A2BF19500B96F45 /* UIImageView+WebCache.m */ = {isa = PBXFileReference; fileEncoding = 4; lastKnownFileType = sourcecode.c.objc; path = "UIImageView+WebCache.m"; sourceTree = "<group>"; };
		614CF93F1A2BF19500B96F45 /* UIView+WebCacheOperation.h */ = {isa = PBXFileReference; fileEncoding = 4; lastKnownFileType = sourcecode.c.h; path = "UIView+WebCacheOperation.h"; sourceTree = "<group>"; };
		614CF9401A2BF19500B96F45 /* UIView+WebCacheOperation.m */ = {isa = PBXFileReference; fileEncoding = 4; lastKnownFileType = sourcecode.c.objc; path = "UIView+WebCacheOperation.m"; sourceTree = "<group>"; };
		614CF9591A2C010600B96F45 /* DTPrivateTool.h */ = {isa = PBXFileReference; fileEncoding = 4; lastKnownFileType = sourcecode.c.h; path = DTPrivateTool.h; sourceTree = "<group>"; };
		614CF95A1A2C010600B96F45 /* DTPrivateTool.m */ = {isa = PBXFileReference; fileEncoding = 4; lastKnownFileType = sourcecode.c.objc; path = DTPrivateTool.m; sourceTree = "<group>"; };
		614CF95D1A2C133000B96F45 /* DTAlbumTool.h */ = {isa = PBXFileReference; fileEncoding = 4; lastKnownFileType = sourcecode.c.h; path = DTAlbumTool.h; sourceTree = "<group>"; };
		614CF95E1A2C133000B96F45 /* DTAlbumTool.m */ = {isa = PBXFileReference; fileEncoding = 4; lastKnownFileType = sourcecode.c.objc; path = DTAlbumTool.m; sourceTree = "<group>"; };
		61655C721A2424FF00660E48 /* DTImage+Category.h */ = {isa = PBXFileReference; fileEncoding = 4; lastKnownFileType = sourcecode.c.h; path = "DTImage+Category.h"; sourceTree = "<group>"; };
		61655C731A2424FF00660E48 /* DTImage+Category.m */ = {isa = PBXFileReference; fileEncoding = 4; lastKnownFileType = sourcecode.c.objc; path = "DTImage+Category.m"; sourceTree = "<group>"; };
		61655C751A2424FF00660E48 /* DateUtil.h */ = {isa = PBXFileReference; fileEncoding = 4; lastKnownFileType = sourcecode.c.h; path = DateUtil.h; sourceTree = "<group>"; };
		61655C761A2424FF00660E48 /* DateUtil.m */ = {isa = PBXFileReference; fileEncoding = 4; lastKnownFileType = sourcecode.c.objc; path = DateUtil.m; sourceTree = "<group>"; };
		61655C7D1A2424FF00660E48 /* DTCycleScrollView.h */ = {isa = PBXFileReference; fileEncoding = 4; lastKnownFileType = sourcecode.c.h; path = DTCycleScrollView.h; sourceTree = "<group>"; };
		61655C7E1A2424FF00660E48 /* DTCycleScrollView.m */ = {isa = PBXFileReference; fileEncoding = 4; lastKnownFileType = sourcecode.c.objc; path = DTCycleScrollView.m; sourceTree = "<group>"; };
		61655C801A2424FF00660E48 /* DTGridTableView.h */ = {isa = PBXFileReference; fileEncoding = 4; lastKnownFileType = sourcecode.c.h; path = DTGridTableView.h; sourceTree = "<group>"; };
		61655C811A2424FF00660E48 /* DTGridTableView.m */ = {isa = PBXFileReference; fileEncoding = 4; lastKnownFileType = sourcecode.c.objc; path = DTGridTableView.m; sourceTree = "<group>"; };
		61655C821A2424FF00660E48 /* DTGridTableViewCell.h */ = {isa = PBXFileReference; fileEncoding = 4; lastKnownFileType = sourcecode.c.h; path = DTGridTableViewCell.h; sourceTree = "<group>"; };
		61655C831A2424FF00660E48 /* DTGridTableViewCell.m */ = {isa = PBXFileReference; fileEncoding = 4; lastKnownFileType = sourcecode.c.objc; path = DTGridTableViewCell.m; sourceTree = "<group>"; };
		61655C841A2424FF00660E48 /* DTGridTableViewConstants.h */ = {isa = PBXFileReference; fileEncoding = 4; lastKnownFileType = sourcecode.c.h; path = DTGridTableViewConstants.h; sourceTree = "<group>"; };
		61655C861A2424FF00660E48 /* DTTabBar.h */ = {isa = PBXFileReference; fileEncoding = 4; lastKnownFileType = sourcecode.c.h; path = DTTabBar.h; sourceTree = "<group>"; };
		61655C871A2424FF00660E48 /* DTTabBar.m */ = {isa = PBXFileReference; fileEncoding = 4; lastKnownFileType = sourcecode.c.objc; path = DTTabBar.m; sourceTree = "<group>"; };
		61655C881A2424FF00660E48 /* DTTabBarItem.h */ = {isa = PBXFileReference; fileEncoding = 4; lastKnownFileType = sourcecode.c.h; path = DTTabBarItem.h; sourceTree = "<group>"; };
		61655C891A2424FF00660E48 /* DTTabBarItem.m */ = {isa = PBXFileReference; fileEncoding = 4; lastKnownFileType = sourcecode.c.objc; path = DTTabBarItem.m; sourceTree = "<group>"; };
		61655C941A2426B700660E48 /* DTButton.h */ = {isa = PBXFileReference; fileEncoding = 4; lastKnownFileType = sourcecode.c.h; path = DTButton.h; sourceTree = "<group>"; };
		61655C951A2426B700660E48 /* DTButton.m */ = {isa = PBXFileReference; fileEncoding = 4; lastKnownFileType = sourcecode.c.objc; path = DTButton.m; sourceTree = "<group>"; };
		61655C981A2451E900660E48 /* DTCycleScrollViewController.h */ = {isa = PBXFileReference; fileEncoding = 4; lastKnownFileType = sourcecode.c.h; path = DTCycleScrollViewController.h; sourceTree = "<group>"; };
		61655C991A2451E900660E48 /* DTCycleScrollViewController.m */ = {isa = PBXFileReference; fileEncoding = 4; lastKnownFileType = sourcecode.c.objc; path = DTCycleScrollViewController.m; sourceTree = "<group>"; };
		61655CA11A245D1200660E48 /* MJRefresh.bundle */ = {isa = PBXFileReference; lastKnownFileType = "wrapper.plug-in"; path = MJRefresh.bundle; sourceTree = "<group>"; };
		61655CA21A245D1200660E48 /* MJRefresh.h */ = {isa = PBXFileReference; fileEncoding = 4; lastKnownFileType = sourcecode.c.h; path = MJRefresh.h; sourceTree = "<group>"; };
		61655CA31A245D1200660E48 /* MJRefreshBaseView.h */ = {isa = PBXFileReference; fileEncoding = 4; lastKnownFileType = sourcecode.c.h; path = MJRefreshBaseView.h; sourceTree = "<group>"; };
		61655CA41A245D1200660E48 /* MJRefreshBaseView.m */ = {isa = PBXFileReference; fileEncoding = 4; lastKnownFileType = sourcecode.c.objc; path = MJRefreshBaseView.m; sourceTree = "<group>"; };
		61655CA51A245D1200660E48 /* MJRefreshConst.h */ = {isa = PBXFileReference; fileEncoding = 4; lastKnownFileType = sourcecode.c.h; path = MJRefreshConst.h; sourceTree = "<group>"; };
		61655CA61A245D1200660E48 /* MJRefreshConst.m */ = {isa = PBXFileReference; fileEncoding = 4; lastKnownFileType = sourcecode.c.objc; path = MJRefreshConst.m; sourceTree = "<group>"; };
		61655CA71A245D1200660E48 /* MJRefreshFooterView.h */ = {isa = PBXFileReference; fileEncoding = 4; lastKnownFileType = sourcecode.c.h; path = MJRefreshFooterView.h; sourceTree = "<group>"; };
		61655CA81A245D1200660E48 /* MJRefreshFooterView.m */ = {isa = PBXFileReference; fileEncoding = 4; lastKnownFileType = sourcecode.c.objc; path = MJRefreshFooterView.m; sourceTree = "<group>"; };
		61655CA91A245D1200660E48 /* MJRefreshHeaderView.h */ = {isa = PBXFileReference; fileEncoding = 4; lastKnownFileType = sourcecode.c.h; path = MJRefreshHeaderView.h; sourceTree = "<group>"; };
		61655CAA1A245D1200660E48 /* MJRefreshHeaderView.m */ = {isa = PBXFileReference; fileEncoding = 4; lastKnownFileType = sourcecode.c.objc; path = MJRefreshHeaderView.m; sourceTree = "<group>"; };
		61655CAB1A245D1200660E48 /* UIScrollView+MJExtension.h */ = {isa = PBXFileReference; fileEncoding = 4; lastKnownFileType = sourcecode.c.h; path = "UIScrollView+MJExtension.h"; sourceTree = "<group>"; };
		61655CAC1A245D1200660E48 /* UIScrollView+MJExtension.m */ = {isa = PBXFileReference; fileEncoding = 4; lastKnownFileType = sourcecode.c.objc; path = "UIScrollView+MJExtension.m"; sourceTree = "<group>"; };
		61655CAD1A245D1200660E48 /* UIScrollView+MJRefresh.h */ = {isa = PBXFileReference; fileEncoding = 4; lastKnownFileType = sourcecode.c.h; path = "UIScrollView+MJRefresh.h"; sourceTree = "<group>"; };
		61655CAE1A245D1200660E48 /* UIScrollView+MJRefresh.m */ = {isa = PBXFileReference; fileEncoding = 4; lastKnownFileType = sourcecode.c.objc; path = "UIScrollView+MJRefresh.m"; sourceTree = "<group>"; };
		61655CAF1A245D1200660E48 /* UIView+MJExtension.h */ = {isa = PBXFileReference; fileEncoding = 4; lastKnownFileType = sourcecode.c.h; path = "UIView+MJExtension.h"; sourceTree = "<group>"; };
		61655CB01A245D1200660E48 /* UIView+MJExtension.m */ = {isa = PBXFileReference; fileEncoding = 4; lastKnownFileType = sourcecode.c.objc; path = "UIView+MJExtension.m"; sourceTree = "<group>"; };
		61655CB91A24639D00660E48 /* DTGridTableCellView.h */ = {isa = PBXFileReference; fileEncoding = 4; lastKnownFileType = sourcecode.c.h; path = DTGridTableCellView.h; sourceTree = "<group>"; };
		61655CBA1A24639D00660E48 /* DTGridTableCellView.m */ = {isa = PBXFileReference; fileEncoding = 4; lastKnownFileType = sourcecode.c.objc; path = DTGridTableCellView.m; sourceTree = "<group>"; };
		61655CBC1A24693D00660E48 /* DTGridTableViewController.h */ = {isa = PBXFileReference; fileEncoding = 4; lastKnownFileType = sourcecode.c.h; path = DTGridTableViewController.h; sourceTree = "<group>"; };
		61655CBD1A24693D00660E48 /* DTGridTableViewController.m */ = {isa = PBXFileReference; fileEncoding = 4; lastKnownFileType = sourcecode.c.objc; path = DTGridTableViewController.m; sourceTree = "<group>"; };
		61655CBF1A24700400660E48 /* DTTabBarController.h */ = {isa = PBXFileReference; fileEncoding = 4; lastKnownFileType = sourcecode.c.h; path = DTTabBarController.h; sourceTree = "<group>"; };
		61655CC01A24700400660E48 /* DTTabBarController.m */ = {isa = PBXFileReference; fileEncoding = 4; lastKnownFileType = sourcecode.c.objc; path = DTTabBarController.m; sourceTree = "<group>"; };
		61655CC41A24721D00660E48 /* tab_bottom_bar_bg@2x.png */ = {isa = PBXFileReference; lastKnownFileType = image.png; path = "tab_bottom_bar_bg@2x.png"; sourceTree = "<group>"; };
		61655CC51A24721D00660E48 /* tab_home1@2x.png */ = {isa = PBXFileReference; lastKnownFileType = image.png; path = "tab_home1@2x.png"; sourceTree = "<group>"; };
		61655CC61A24721D00660E48 /* tab_home2@2x.png */ = {isa = PBXFileReference; lastKnownFileType = image.png; path = "tab_home2@2x.png"; sourceTree = "<group>"; };
		61655CC71A24721D00660E48 /* tab_life1@2x.png */ = {isa = PBXFileReference; lastKnownFileType = image.png; path = "tab_life1@2x.png"; sourceTree = "<group>"; };
		61655CC81A24721D00660E48 /* tab_life2@2x.png */ = {isa = PBXFileReference; lastKnownFileType = image.png; path = "tab_life2@2x.png"; sourceTree = "<group>"; };
		61655CC91A24721D00660E48 /* tab_more1@2x.png */ = {isa = PBXFileReference; lastKnownFileType = image.png; path = "tab_more1@2x.png"; sourceTree = "<group>"; };
		61655CCA1A24721D00660E48 /* tab_more2@2x.png */ = {isa = PBXFileReference; lastKnownFileType = image.png; path = "tab_more2@2x.png"; sourceTree = "<group>"; };
		61655CCB1A24721D00660E48 /* tab_property1@2x.png */ = {isa = PBXFileReference; lastKnownFileType = image.png; path = "tab_property1@2x.png"; sourceTree = "<group>"; };
		61655CCC1A24721D00660E48 /* tab_property2@2x.png */ = {isa = PBXFileReference; lastKnownFileType = image.png; path = "tab_property2@2x.png"; sourceTree = "<group>"; };
		61655CCD1A24721D00660E48 /* tab_setting1@2x.png */ = {isa = PBXFileReference; lastKnownFileType = image.png; path = "tab_setting1@2x.png"; sourceTree = "<group>"; };
		61655CCE1A24721D00660E48 /* tab_setting2@2x.png */ = {isa = PBXFileReference; lastKnownFileType = image.png; path = "tab_setting2@2x.png"; sourceTree = "<group>"; };
		61655CDA1A24742900660E48 /* DTButtonController.h */ = {isa = PBXFileReference; fileEncoding = 4; lastKnownFileType = sourcecode.c.h; path = DTButtonController.h; sourceTree = "<group>"; };
		61655CDB1A24742900660E48 /* DTButtonController.m */ = {isa = PBXFileReference; fileEncoding = 4; lastKnownFileType = sourcecode.c.objc; path = DTButtonController.m; sourceTree = "<group>"; };
		61655CDE1A2478D500660E48 /* proserver_loan_check_act_btn@2x.png */ = {isa = PBXFileReference; lastKnownFileType = image.png; path = "proserver_loan_check_act_btn@2x.png"; sourceTree = "<group>"; };
		61655CDF1A2478D500660E48 /* proserver_loan_check_btn@2x.png */ = {isa = PBXFileReference; lastKnownFileType = image.png; path = "proserver_loan_check_btn@2x.png"; sourceTree = "<group>"; };
		61655CE21A247CDD00660E48 /* DTImageTopButton.h */ = {isa = PBXFileReference; fileEncoding = 4; lastKnownFileType = sourcecode.c.h; path = DTImageTopButton.h; sourceTree = "<group>"; };
		61655CE31A247CDD00660E48 /* DTImageTopButton.m */ = {isa = PBXFileReference; fileEncoding = 4; lastKnownFileType = sourcecode.c.objc; path = DTImageTopButton.m; sourceTree = "<group>"; };
		61655CE61A2483C100660E48 /* DTTableView.h */ = {isa = PBXFileReference; fileEncoding = 4; lastKnownFileType = sourcecode.c.h; path = DTTableView.h; sourceTree = "<group>"; };
		61655CE71A2483C100660E48 /* DTTableView.m */ = {isa = PBXFileReference; fileEncoding = 4; lastKnownFileType = sourcecode.c.objc; path = DTTableView.m; sourceTree = "<group>"; };
		61655CE81A2483C100660E48 /* DTTableViewCell.h */ = {isa = PBXFileReference; fileEncoding = 4; lastKnownFileType = sourcecode.c.h; path = DTTableViewCell.h; sourceTree = "<group>"; };
		61655CE91A2483C100660E48 /* DTTableViewCell.m */ = {isa = PBXFileReference; fileEncoding = 4; lastKnownFileType = sourcecode.c.objc; path = DTTableViewCell.m; sourceTree = "<group>"; };
		61655CEA1A2483C100660E48 /* DTTableViewDataSource.h */ = {isa = PBXFileReference; fileEncoding = 4; lastKnownFileType = sourcecode.c.h; path = DTTableViewDataSource.h; sourceTree = "<group>"; };
		61655CEB1A2483C100660E48 /* DTTableViewDataSource.m */ = {isa = PBXFileReference; fileEncoding = 4; lastKnownFileType = sourcecode.c.objc; path = DTTableViewDataSource.m; sourceTree = "<group>"; };
		61655CEC1A2483C100660E48 /* DTTableViewSectionDataSource.h */ = {isa = PBXFileReference; fileEncoding = 4; lastKnownFileType = sourcecode.c.h; path = DTTableViewSectionDataSource.h; sourceTree = "<group>"; };
		61655CED1A2483C100660E48 /* DTTableViewSectionDataSource.m */ = {isa = PBXFileReference; fileEncoding = 4; lastKnownFileType = sourcecode.c.objc; path = DTTableViewSectionDataSource.m; sourceTree = "<group>"; };
		6165DC651A39352400042703 /* DTPrivateToolController.h */ = {isa = PBXFileReference; fileEncoding = 4; lastKnownFileType = sourcecode.c.h; path = DTPrivateToolController.h; sourceTree = "<group>"; };
		6165DC661A39352400042703 /* DTPrivateToolController.m */ = {isa = PBXFileReference; fileEncoding = 4; lastKnownFileType = sourcecode.c.objc; path = DTPrivateToolController.m; sourceTree = "<group>"; };
		6165DC681A393AED00042703 /* DTPrivateToolInstalledAppsController.h */ = {isa = PBXFileReference; fileEncoding = 4; lastKnownFileType = sourcecode.c.h; path = DTPrivateToolInstalledAppsController.h; sourceTree = "<group>"; };
		6165DC691A393AED00042703 /* DTPrivateToolInstalledAppsController.m */ = {isa = PBXFileReference; fileEncoding = 4; lastKnownFileType = sourcecode.c.objc; path = DTPrivateToolInstalledAppsController.m; sourceTree = "<group>"; };
		6165DC6B1A396E8800042703 /* DTInstalledAppsDetailController.h */ = {isa = PBXFileReference; fileEncoding = 4; lastKnownFileType = sourcecode.c.h; path = DTInstalledAppsDetailController.h; sourceTree = "<group>"; };
		6165DC6C1A396E8800042703 /* DTInstalledAppsDetailController.m */ = {isa = PBXFileReference; fileEncoding = 4; lastKnownFileType = sourcecode.c.objc; path = DTInstalledAppsDetailController.m; sourceTree = "<group>"; };
		61713EC41A37F89E0030327D /* DTInstalledAppModel.h */ = {isa = PBXFileReference; fileEncoding = 4; lastKnownFileType = sourcecode.c.h; path = DTInstalledAppModel.h; sourceTree = "<group>"; };
		61713EC51A37F89E0030327D /* DTInstalledAppModel.m */ = {isa = PBXFileReference; fileEncoding = 4; lastKnownFileType = sourcecode.c.objc; path = DTInstalledAppModel.m; sourceTree = "<group>"; };
		61713EFA1A3833AC0030327D /* DTAddressBookToolController.h */ = {isa = PBXFileReference; fileEncoding = 4; lastKnownFileType = sourcecode.c.h; path = DTAddressBookToolController.h; sourceTree = "<group>"; };
		61713EFB1A3833AC0030327D /* DTAddressBookToolController.m */ = {isa = PBXFileReference; fileEncoding = 4; lastKnownFileType = sourcecode.c.objc; path = DTAddressBookToolController.m; sourceTree = "<group>"; };
		61713EFE1A383BF50030327D /* DTAddressBookDetailController.h */ = {isa = PBXFileReference; fileEncoding = 4; lastKnownFileType = sourcecode.c.h; path = DTAddressBookDetailController.h; sourceTree = "<group>"; };
		61713EFF1A383BF50030327D /* DTAddressBookDetailController.m */ = {isa = PBXFileReference; fileEncoding = 4; lastKnownFileType = sourcecode.c.objc; path = DTAddressBookDetailController.m; sourceTree = "<group>"; };
		61739B2F1A26EAF9007F973C /* DTAlertViewController.h */ = {isa = PBXFileReference; fileEncoding = 4; lastKnownFileType = sourcecode.c.h; path = DTAlertViewController.h; sourceTree = "<group>"; };
		61739B301A26EAF9007F973C /* DTAlertViewController.m */ = {isa = PBXFileReference; fileEncoding = 4; lastKnownFileType = sourcecode.c.objc; path = DTAlertViewController.m; sourceTree = "<group>"; };
		61739B331A26F32E007F973C /* DTClickImageView.h */ = {isa = PBXFileReference; fileEncoding = 4; lastKnownFileType = sourcecode.c.h; path = DTClickImageView.h; sourceTree = "<group>"; };
		61739B341A26F32E007F973C /* DTClickImageView.m */ = {isa = PBXFileReference; fileEncoding = 4; lastKnownFileType = sourcecode.c.objc; path = DTClickImageView.m; sourceTree = "<group>"; };
		61739B651A27185C007F973C /* DTImageViewController.h */ = {isa = PBXFileReference; fileEncoding = 4; lastKnownFileType = sourcecode.c.h; path = DTImageViewController.h; sourceTree = "<group>"; };
		61739B661A27185C007F973C /* DTImageViewController.m */ = {isa = PBXFileReference; fileEncoding = 4; lastKnownFileType = sourcecode.c.objc; path = DTImageViewController.m; sourceTree = "<group>"; };
		61739B691A271DE7007F973C /* friendscircle_others_dialogbox_pic3@2x.png */ = {isa = PBXFileReference; lastKnownFileType = image.png; path = "friendscircle_others_dialogbox_pic3@2x.png"; sourceTree = "<group>"; };
		61739B6A1A271DE7007F973C /* friendscircle_others_smallhead_20@2x.png */ = {isa = PBXFileReference; lastKnownFileType = image.png; path = "friendscircle_others_smallhead_20@2x.png"; sourceTree = "<group>"; };
		61739B6B1A271DE7007F973C /* pengyouquan_detail_pic@2x.png */ = {isa = PBXFileReference; lastKnownFileType = image.png; path = "pengyouquan_detail_pic@2x.png"; sourceTree = "<group>"; };
		618659F91A256D1D0036F61C /* DTTableViewController.h */ = {isa = PBXFileReference; fileEncoding = 4; lastKnownFileType = sourcecode.c.h; path = DTTableViewController.h; sourceTree = "<group>"; };
		618659FA1A256D1D0036F61C /* DTTableViewController.m */ = {isa = PBXFileReference; fileEncoding = 4; lastKnownFileType = sourcecode.c.objc; path = DTTableViewController.m; sourceTree = "<group>"; };
		61865A001A257BBF0036F61C /* DTTableViewControllerCell.h */ = {isa = PBXFileReference; fileEncoding = 4; lastKnownFileType = sourcecode.c.h; path = DTTableViewControllerCell.h; sourceTree = "<group>"; };
		61865A011A257BBF0036F61C /* DTTableViewControllerCell.m */ = {isa = PBXFileReference; fileEncoding = 4; lastKnownFileType = sourcecode.c.objc; path = DTTableViewControllerCell.m; sourceTree = "<group>"; };
		61865A031A2580040036F61C /* DTTableViewStyle1Controller.h */ = {isa = PBXFileReference; fileEncoding = 4; lastKnownFileType = sourcecode.c.h; path = DTTableViewStyle1Controller.h; sourceTree = "<group>"; };
		61865A041A2580040036F61C /* DTTableViewStyle1Controller.m */ = {isa = PBXFileReference; fileEncoding = 4; lastKnownFileType = sourcecode.c.objc; path = DTTableViewStyle1Controller.m; sourceTree = "<group>"; };
		61865A061A25A3610036F61C /* DTTableViewStyle2Controller.h */ = {isa = PBXFileReference; fileEncoding = 4; lastKnownFileType = sourcecode.c.h; path = DTTableViewStyle2Controller.h; sourceTree = "<group>"; };
		61865A071A25A3610036F61C /* DTTableViewStyle2Controller.m */ = {isa = PBXFileReference; fileEncoding = 4; lastKnownFileType = sourcecode.c.objc; path = DTTableViewStyle2Controller.m; sourceTree = "<group>"; };
		61865A091A25A46D0036F61C /* DTTableViewStyleCell1.h */ = {isa = PBXFileReference; fileEncoding = 4; lastKnownFileType = sourcecode.c.h; path = DTTableViewStyleCell1.h; sourceTree = "<group>"; };
		61865A0A1A25A46D0036F61C /* DTTableViewStyleCell1.m */ = {isa = PBXFileReference; fileEncoding = 4; lastKnownFileType = sourcecode.c.objc; path = DTTableViewStyleCell1.m; sourceTree = "<group>"; };
		61865A0C1A25A47C0036F61C /* DTTableViewStyleCell2.h */ = {isa = PBXFileReference; fileEncoding = 4; lastKnownFileType = sourcecode.c.h; path = DTTableViewStyleCell2.h; sourceTree = "<group>"; };
		61865A0D1A25A47C0036F61C /* DTTableViewStyleCell2.m */ = {isa = PBXFileReference; fileEncoding = 4; lastKnownFileType = sourcecode.c.objc; path = DTTableViewStyleCell2.m; sourceTree = "<group>"; };
		61865A0F1A25AC5D0036F61C /* DTTableViewStyle3Controller.h */ = {isa = PBXFileReference; fileEncoding = 4; lastKnownFileType = sourcecode.c.h; path = DTTableViewStyle3Controller.h; sourceTree = "<group>"; };
		61865A101A25AC5D0036F61C /* DTTableViewStyle3Controller.m */ = {isa = PBXFileReference; fileEncoding = 4; lastKnownFileType = sourcecode.c.objc; path = DTTableViewStyle3Controller.m; sourceTree = "<group>"; };
		61865A181A25CA030036F61C /* DTTableViewStyle4Controller.h */ = {isa = PBXFileReference; fileEncoding = 4; lastKnownFileType = sourcecode.c.h; path = DTTableViewStyle4Controller.h; sourceTree = "<group>"; };
		61865A191A25CA030036F61C /* DTTableViewStyle4Controller.m */ = {isa = PBXFileReference; fileEncoding = 4; lastKnownFileType = sourcecode.c.objc; path = DTTableViewStyle4Controller.m; sourceTree = "<group>"; };
		61865A1C1A25D6F60036F61C /* DTAlertView.h */ = {isa = PBXFileReference; fileEncoding = 4; lastKnownFileType = sourcecode.c.h; path = DTAlertView.h; sourceTree = "<group>"; };
		61865A1D1A25D6F60036F61C /* DTAlertView.m */ = {isa = PBXFileReference; fileEncoding = 4; lastKnownFileType = sourcecode.c.objc; path = DTAlertView.m; sourceTree = "<group>"; };
		61BDD2291A23305A00C15AE3 /* DTKitDemo.app */ = {isa = PBXFileReference; explicitFileType = wrapper.application; includeInIndex = 0; path = DTKitDemo.app; sourceTree = BUILT_PRODUCTS_DIR; };
		61BDD22D1A23305A00C15AE3 /* Info.plist */ = {isa = PBXFileReference; lastKnownFileType = text.plist.xml; path = Info.plist; sourceTree = "<group>"; };
		61BDD22E1A23305A00C15AE3 /* main.m */ = {isa = PBXFileReference; lastKnownFileType = sourcecode.c.objc; path = main.m; sourceTree = "<group>"; };
		61BDD2301A23305A00C15AE3 /* AppDelegate.h */ = {isa = PBXFileReference; lastKnownFileType = sourcecode.c.h; path = AppDelegate.h; sourceTree = "<group>"; };
		61BDD2311A23305A00C15AE3 /* AppDelegate.m */ = {isa = PBXFileReference; lastKnownFileType = sourcecode.c.objc; path = AppDelegate.m; sourceTree = "<group>"; };
		61BDD2331A23305A00C15AE3 /* ViewController.h */ = {isa = PBXFileReference; lastKnownFileType = sourcecode.c.h; path = ViewController.h; sourceTree = "<group>"; };
		61BDD2341A23305A00C15AE3 /* ViewController.m */ = {isa = PBXFileReference; lastKnownFileType = sourcecode.c.objc; path = ViewController.m; sourceTree = "<group>"; };
		61BDD2371A23305A00C15AE3 /* Base */ = {isa = PBXFileReference; lastKnownFileType = file.storyboard; name = Base; path = Base.lproj/Main.storyboard; sourceTree = "<group>"; };
		61BDD2391A23305A00C15AE3 /* Images.xcassets */ = {isa = PBXFileReference; lastKnownFileType = folder.assetcatalog; path = Images.xcassets; sourceTree = "<group>"; };
		61BDD23C1A23305A00C15AE3 /* Base */ = {isa = PBXFileReference; lastKnownFileType = file.xib; name = Base; path = Base.lproj/LaunchScreen.xib; sourceTree = "<group>"; };
		61BDD2421A23305B00C15AE3 /* DTKitDemoTests.xctest */ = {isa = PBXFileReference; explicitFileType = wrapper.cfbundle; includeInIndex = 0; path = DTKitDemoTests.xctest; sourceTree = BUILT_PRODUCTS_DIR; };
		61BDD2471A23305B00C15AE3 /* Info.plist */ = {isa = PBXFileReference; lastKnownFileType = text.plist.xml; path = Info.plist; sourceTree = "<group>"; };
		61BDD2481A23305B00C15AE3 /* DTKitDemoTests.m */ = {isa = PBXFileReference; lastKnownFileType = sourcecode.c.objc; path = DTKitDemoTests.m; sourceTree = "<group>"; };
		61D5CA301A30565F0061E49A /* DTAddressBookTool.h */ = {isa = PBXFileReference; fileEncoding = 4; lastKnownFileType = sourcecode.c.h; path = DTAddressBookTool.h; sourceTree = "<group>"; };
		61D5CA311A30565F0061E49A /* DTAddressBookTool.m */ = {isa = PBXFileReference; fileEncoding = 4; lastKnownFileType = sourcecode.c.objc; path = DTAddressBookTool.m; sourceTree = "<group>"; };
		61D5CA331A3056CB0061E49A /* DTAddressBookModel.h */ = {isa = PBXFileReference; fileEncoding = 4; lastKnownFileType = sourcecode.c.h; path = DTAddressBookModel.h; sourceTree = "<group>"; };
		61D5CA341A3056CB0061E49A /* DTAddressBookModel.m */ = {isa = PBXFileReference; fileEncoding = 4; lastKnownFileType = sourcecode.c.objc; path = DTAddressBookModel.m; sourceTree = "<group>"; };
/* End PBXFileReference section */

/* Begin PBXFrameworksBuildPhase section */
		61BDD2261A23305A00C15AE3 /* Frameworks */ = {
			isa = PBXFrameworksBuildPhase;
			buildActionMask = 2147483647;
			files = (
				613E4B471A36956A00A5F92C /* IOKit in Frameworks */,
			);
			runOnlyForDeploymentPostprocessing = 0;
		};
		61BDD23F1A23305B00C15AE3 /* Frameworks */ = {
			isa = PBXFrameworksBuildPhase;
			buildActionMask = 2147483647;
			files = (
			);
			runOnlyForDeploymentPostprocessing = 0;
		};
/* End PBXFrameworksBuildPhase section */

/* Begin PBXGroup section */
		613E4B421A36956A00A5F92C /* kit */ = {
			isa = PBXGroup;
			children = (
				613E4B431A36956A00A5F92C /* IO */,
			);
			path = kit;
			sourceTree = "<group>";
		};
		613E4B431A36956A00A5F92C /* IO */ = {
			isa = PBXGroup;
			children = (
				613E4B441A36956A00A5F92C /* IOKit */,
				613E4B451A36956A00A5F92C /* IOPowerSources.h */,
				613E4B461A36956A00A5F92C /* IOPSKeys.h */,
			);
			path = IO;
			sourceTree = "<group>";
		};
		6142C3F31A2848B9003693B3 /* DTLabel */ = {
			isa = PBXGroup;
			children = (
				6142C3F41A2848CB003693B3 /* DTLabel.h */,
				6142C3F51A2848CB003693B3 /* DTLabel.m */,
			);
			path = DTLabel;
			sourceTree = "<group>";
		};
		6142C3FB1A2874B4003693B3 /* AFNetworking */ = {
			isa = PBXGroup;
			children = (
				6142C3FC1A2874B4003693B3 /* AFHTTPRequestOperation.h */,
				6142C3FD1A2874B4003693B3 /* AFHTTPRequestOperation.m */,
				6142C3FE1A2874B4003693B3 /* AFHTTPRequestOperationManager.h */,
				6142C3FF1A2874B4003693B3 /* AFHTTPRequestOperationManager.m */,
				6142C4001A2874B4003693B3 /* AFHTTPSessionManager.h */,
				6142C4011A2874B4003693B3 /* AFHTTPSessionManager.m */,
				6142C4021A2874B4003693B3 /* AFNetworking.h */,
				6142C4031A2874B4003693B3 /* AFNetworkReachabilityManager.h */,
				6142C4041A2874B4003693B3 /* AFNetworkReachabilityManager.m */,
				6142C4051A2874B4003693B3 /* AFSecurityPolicy.h */,
				6142C4061A2874B4003693B3 /* AFSecurityPolicy.m */,
				6142C4071A2874B4003693B3 /* AFURLConnectionOperation.h */,
				6142C4081A2874B4003693B3 /* AFURLConnectionOperation.m */,
				6142C4091A2874B4003693B3 /* AFURLRequestSerialization.h */,
				6142C40A1A2874B4003693B3 /* AFURLRequestSerialization.m */,
				6142C40B1A2874B4003693B3 /* AFURLResponseSerialization.h */,
				6142C40C1A2874B4003693B3 /* AFURLResponseSerialization.m */,
				6142C40D1A2874B4003693B3 /* AFURLSessionManager.h */,
				6142C40E1A2874B4003693B3 /* AFURLSessionManager.m */,
			);
			path = AFNetworking;
			sourceTree = "<group>";
		};
		6142C4181A2874BB003693B3 /* network */ = {
			isa = PBXGroup;
			children = (
				6142C4191A2874BB003693B3 /* DTNetworkCache.h */,
				6142C41A1A2874BB003693B3 /* DTNetworkCache.m */,
				6142C41D1A2874BB003693B3 /* DTNetworkRequestUtil.h */,
				6142C41E1A2874BB003693B3 /* DTNetworkRequestUtil.m */,
				6142C41F1A2874BB003693B3 /* DTNetworkResultResponse.h */,
				6142C4201A2874BB003693B3 /* DTNetworkResultResponse.m */,
			);
			path = network;
			sourceTree = "<group>";
		};
		614CF91B1A2BF18E00B96F45 /* DTString */ = {
			isa = PBXGroup;
			children = (
				614CF91C1A2BF18E00B96F45 /* DTString+Check.h */,
				614CF91D1A2BF18E00B96F45 /* DTString+Check.m */,
			);
			path = DTString;
			sourceTree = "<group>";
		};
		614CF91F1A2BF19500B96F45 /* SDWebImage */ = {
			isa = PBXGroup;
			children = (
				614CF9201A2BF19500B96F45 /* MKAnnotationView+WebCache.h */,
				614CF9211A2BF19500B96F45 /* MKAnnotationView+WebCache.m */,
				614CF9221A2BF19500B96F45 /* NSData+ImageContentType.h */,
				614CF9231A2BF19500B96F45 /* NSData+ImageContentType.m */,
				614CF9241A2BF19500B96F45 /* SDImageCache.h */,
				614CF9251A2BF19500B96F45 /* SDImageCache.m */,
				614CF9261A2BF19500B96F45 /* SDWebImageCompat.h */,
				614CF9271A2BF19500B96F45 /* SDWebImageCompat.m */,
				614CF9281A2BF19500B96F45 /* SDWebImageDecoder.h */,
				614CF9291A2BF19500B96F45 /* SDWebImageDecoder.m */,
				614CF92A1A2BF19500B96F45 /* SDWebImageDownloader.h */,
				614CF92B1A2BF19500B96F45 /* SDWebImageDownloader.m */,
				614CF92C1A2BF19500B96F45 /* SDWebImageDownloaderOperation.h */,
				614CF92D1A2BF19500B96F45 /* SDWebImageDownloaderOperation.m */,
				614CF92E1A2BF19500B96F45 /* SDWebImageManager.h */,
				614CF92F1A2BF19500B96F45 /* SDWebImageManager.m */,
				614CF9301A2BF19500B96F45 /* SDWebImageOperation.h */,
				614CF9311A2BF19500B96F45 /* SDWebImagePrefetcher.h */,
				614CF9321A2BF19500B96F45 /* SDWebImagePrefetcher.m */,
				614CF9331A2BF19500B96F45 /* UIButton+WebCache.h */,
				614CF9341A2BF19500B96F45 /* UIButton+WebCache.m */,
				614CF9351A2BF19500B96F45 /* UIImage+GIF.h */,
				614CF9361A2BF19500B96F45 /* UIImage+GIF.m */,
				614CF9371A2BF19500B96F45 /* UIImage+MultiFormat.h */,
				614CF9381A2BF19500B96F45 /* UIImage+MultiFormat.m */,
				614CF9391A2BF19500B96F45 /* UIImage+WebP.h */,
				614CF93A1A2BF19500B96F45 /* UIImage+WebP.m */,
				614CF93B1A2BF19500B96F45 /* UIImageView+HighlightedWebCache.h */,
				614CF93C1A2BF19500B96F45 /* UIImageView+HighlightedWebCache.m */,
				614CF93D1A2BF19500B96F45 /* UIImageView+WebCache.h */,
				614CF93E1A2BF19500B96F45 /* UIImageView+WebCache.m */,
				614CF93F1A2BF19500B96F45 /* UIView+WebCacheOperation.h */,
				614CF9401A2BF19500B96F45 /* UIView+WebCacheOperation.m */,
			);
			path = SDWebImage;
			sourceTree = "<group>";
		};
		614CF9511A2BF33700B96F45 /* private */ = {
			isa = PBXGroup;
			children = (
				614CF9591A2C010600B96F45 /* DTPrivateTool.h */,
				614CF95A1A2C010600B96F45 /* DTPrivateTool.m */,
				61713EC41A37F89E0030327D /* DTInstalledAppModel.h */,
				61713EC51A37F89E0030327D /* DTInstalledAppModel.m */,
			);
			path = private;
			sourceTree = "<group>";
		};
		614CF95C1A2C132100B96F45 /* albums */ = {
			isa = PBXGroup;
			children = (
				614CF95D1A2C133000B96F45 /* DTAlbumTool.h */,
				614CF95E1A2C133000B96F45 /* DTAlbumTool.m */,
				6132B72B1A2EA82E00C0C6D3 /* DTAlbumEngine.h */,
				6132B72C1A2EA82E00C0C6D3 /* DTAlbumEngine.m */,
			);
			path = albums;
			sourceTree = "<group>";
		};
		61655C701A2424FF00660E48 /* category */ = {
			isa = PBXGroup;
			children = (
				614CF91B1A2BF18E00B96F45 /* DTString */,
				61655C711A2424FF00660E48 /* DTImage */,
			);
			path = category;
			sourceTree = "<group>";
		};
		61655C711A2424FF00660E48 /* DTImage */ = {
			isa = PBXGroup;
			children = (
				61655C721A2424FF00660E48 /* DTImage+Category.h */,
				61655C731A2424FF00660E48 /* DTImage+Category.m */,
			);
			path = DTImage;
			sourceTree = "<group>";
		};
		61655C741A2424FF00660E48 /* util */ = {
			isa = PBXGroup;
			children = (
				61655C751A2424FF00660E48 /* DateUtil.h */,
				61655C761A2424FF00660E48 /* DateUtil.m */,
				6142C3ED1A280D46003693B3 /* DTUserDefaults.h */,
				6142C3EE1A280D46003693B3 /* DTUserDefaults.m */,
				6132B7391A2F097000C0C6D3 /* DTSystemCommon.h */,
				6132B73A1A2F097000C0C6D3 /* DTSystemCommon.m */,
			);
			path = util;
			sourceTree = "<group>";
		};
		61655C7B1A2424FF00660E48 /* view */ = {
			isa = PBXGroup;
			children = (
				6142C3F31A2848B9003693B3 /* DTLabel */,
				61739B321A26F2D5007F973C /* DTImageView */,
				61865A1B1A25D6DE0036F61C /* DTAlertView */,
				61655CE51A2483C100660E48 /* DTTableView */,
				61655C7C1A2424FF00660E48 /* DTCycleScrollView */,
				61655C7F1A2424FF00660E48 /* DTGridTableView */,
				61655C851A2424FF00660E48 /* DTTabBar */,
				61655C931A2426B700660E48 /* DTButton */,
			);
			path = view;
			sourceTree = "<group>";
		};
		61655C7C1A2424FF00660E48 /* DTCycleScrollView */ = {
			isa = PBXGroup;
			children = (
				61655C7D1A2424FF00660E48 /* DTCycleScrollView.h */,
				61655C7E1A2424FF00660E48 /* DTCycleScrollView.m */,
			);
			path = DTCycleScrollView;
			sourceTree = "<group>";
		};
		61655C7F1A2424FF00660E48 /* DTGridTableView */ = {
			isa = PBXGroup;
			children = (
				61655C801A2424FF00660E48 /* DTGridTableView.h */,
				61655C811A2424FF00660E48 /* DTGridTableView.m */,
				61655C821A2424FF00660E48 /* DTGridTableViewCell.h */,
				61655C831A2424FF00660E48 /* DTGridTableViewCell.m */,
				61655C841A2424FF00660E48 /* DTGridTableViewConstants.h */,
			);
			path = DTGridTableView;
			sourceTree = "<group>";
		};
		61655C851A2424FF00660E48 /* DTTabBar */ = {
			isa = PBXGroup;
			children = (
				61655C861A2424FF00660E48 /* DTTabBar.h */,
				61655C871A2424FF00660E48 /* DTTabBar.m */,
				61655C881A2424FF00660E48 /* DTTabBarItem.h */,
				61655C891A2424FF00660E48 /* DTTabBarItem.m */,
			);
			path = DTTabBar;
			sourceTree = "<group>";
		};
		61655C931A2426B700660E48 /* DTButton */ = {
			isa = PBXGroup;
			children = (
				61655C941A2426B700660E48 /* DTButton.h */,
				61655C951A2426B700660E48 /* DTButton.m */,
				61655CE21A247CDD00660E48 /* DTImageTopButton.h */,
				61655CE31A247CDD00660E48 /* DTImageTopButton.m */,
			);
			path = DTButton;
			sourceTree = "<group>";
		};
		61655C971A2451D000660E48 /* controllers */ = {
			isa = PBXGroup;
			children = (
				61655C981A2451E900660E48 /* DTCycleScrollViewController.h */,
				61655C991A2451E900660E48 /* DTCycleScrollViewController.m */,
				61655CBC1A24693D00660E48 /* DTGridTableViewController.h */,
				61655CBD1A24693D00660E48 /* DTGridTableViewController.m */,
				61655CB91A24639D00660E48 /* DTGridTableCellView.h */,
				61655CBA1A24639D00660E48 /* DTGridTableCellView.m */,
				61655CBF1A24700400660E48 /* DTTabBarController.h */,
				61655CC01A24700400660E48 /* DTTabBarController.m */,
				61655CDA1A24742900660E48 /* DTButtonController.h */,
				61655CDB1A24742900660E48 /* DTButtonController.m */,
				618659F91A256D1D0036F61C /* DTTableViewController.h */,
				618659FA1A256D1D0036F61C /* DTTableViewController.m */,
				61865A001A257BBF0036F61C /* DTTableViewControllerCell.h */,
				61865A011A257BBF0036F61C /* DTTableViewControllerCell.m */,
				61865A031A2580040036F61C /* DTTableViewStyle1Controller.h */,
				61865A041A2580040036F61C /* DTTableViewStyle1Controller.m */,
				61865A061A25A3610036F61C /* DTTableViewStyle2Controller.h */,
				61865A071A25A3610036F61C /* DTTableViewStyle2Controller.m */,
				61865A091A25A46D0036F61C /* DTTableViewStyleCell1.h */,
				61865A0A1A25A46D0036F61C /* DTTableViewStyleCell1.m */,
				61865A0C1A25A47C0036F61C /* DTTableViewStyleCell2.h */,
				61865A0D1A25A47C0036F61C /* DTTableViewStyleCell2.m */,
				61865A0F1A25AC5D0036F61C /* DTTableViewStyle3Controller.h */,
				61865A101A25AC5D0036F61C /* DTTableViewStyle3Controller.m */,
				61865A181A25CA030036F61C /* DTTableViewStyle4Controller.h */,
				61865A191A25CA030036F61C /* DTTableViewStyle4Controller.m */,
				61739B2F1A26EAF9007F973C /* DTAlertViewController.h */,
				61739B301A26EAF9007F973C /* DTAlertViewController.m */,
				61739B651A27185C007F973C /* DTImageViewController.h */,
				61739B661A27185C007F973C /* DTImageViewController.m */,
				6142C3F01A2821EC003693B3 /* DTUserDefaultsController.h */,
				6142C3F11A2821EC003693B3 /* DTUserDefaultsController.m */,
				6142C3F71A2860FA003693B3 /* DTLabelController.h */,
				6142C3F81A2860FA003693B3 /* DTLabelController.m */,
				6132B7271A2E9E2600C0C6D3 /* DTAlbumToolController.h */,
				6132B7281A2E9E2600C0C6D3 /* DTAlbumToolController.m */,
				6132B72E1A2EEB0100C0C6D3 /* DTAlbumDetailsController.h */,
				6132B72F1A2EEB0100C0C6D3 /* DTAlbumDetailsController.m */,
				61713EFA1A3833AC0030327D /* DTAddressBookToolController.h */,
				61713EFB1A3833AC0030327D /* DTAddressBookToolController.m */,
				61713EFE1A383BF50030327D /* DTAddressBookDetailController.h */,
				61713EFF1A383BF50030327D /* DTAddressBookDetailController.m */,
				6165DC651A39352400042703 /* DTPrivateToolController.h */,
				6165DC661A39352400042703 /* DTPrivateToolController.m */,
				6165DC681A393AED00042703 /* DTPrivateToolInstalledAppsController.h */,
				6165DC691A393AED00042703 /* DTPrivateToolInstalledAppsController.m */,
				6165DC6B1A396E8800042703 /* DTInstalledAppsDetailController.h */,
				6165DC6C1A396E8800042703 /* DTInstalledAppsDetailController.m */,
			);
			path = controllers;
			sourceTree = "<group>";
		};
		61655C9F1A245D1200660E48 /* third */ = {
			isa = PBXGroup;
			children = (
				614CF91F1A2BF19500B96F45 /* SDWebImage */,
				6142C3FB1A2874B4003693B3 /* AFNetworking */,
				61655CA01A245D1200660E48 /* MJRefresh */,
			);
			path = third;
			sourceTree = "<group>";
		};
		61655CA01A245D1200660E48 /* MJRefresh */ = {
			isa = PBXGroup;
			children = (
				61655CA11A245D1200660E48 /* MJRefresh.bundle */,
				61655CA21A245D1200660E48 /* MJRefresh.h */,
				61655CA31A245D1200660E48 /* MJRefreshBaseView.h */,
				61655CA41A245D1200660E48 /* MJRefreshBaseView.m */,
				61655CA51A245D1200660E48 /* MJRefreshConst.h */,
				61655CA61A245D1200660E48 /* MJRefreshConst.m */,
				61655CA71A245D1200660E48 /* MJRefreshFooterView.h */,
				61655CA81A245D1200660E48 /* MJRefreshFooterView.m */,
				61655CA91A245D1200660E48 /* MJRefreshHeaderView.h */,
				61655CAA1A245D1200660E48 /* MJRefreshHeaderView.m */,
				61655CAB1A245D1200660E48 /* UIScrollView+MJExtension.h */,
				61655CAC1A245D1200660E48 /* UIScrollView+MJExtension.m */,
				61655CAD1A245D1200660E48 /* UIScrollView+MJRefresh.h */,
				61655CAE1A245D1200660E48 /* UIScrollView+MJRefresh.m */,
				61655CAF1A245D1200660E48 /* UIView+MJExtension.h */,
				61655CB01A245D1200660E48 /* UIView+MJExtension.m */,
			);
			path = MJRefresh;
			sourceTree = "<group>";
		};
		61655CC21A24721D00660E48 /* Resources */ = {
			isa = PBXGroup;
			children = (
				61739B681A271DE7007F973C /* image */,
				61655CDD1A2478D500660E48 /* button */,
				61655CC31A24721D00660E48 /* Tabbar */,
			);
			path = Resources;
			sourceTree = "<group>";
		};
		61655CC31A24721D00660E48 /* Tabbar */ = {
			isa = PBXGroup;
			children = (
				61655CC41A24721D00660E48 /* tab_bottom_bar_bg@2x.png */,
				61655CC51A24721D00660E48 /* tab_home1@2x.png */,
				61655CC61A24721D00660E48 /* tab_home2@2x.png */,
				61655CC71A24721D00660E48 /* tab_life1@2x.png */,
				61655CC81A24721D00660E48 /* tab_life2@2x.png */,
				61655CC91A24721D00660E48 /* tab_more1@2x.png */,
				61655CCA1A24721D00660E48 /* tab_more2@2x.png */,
				61655CCB1A24721D00660E48 /* tab_property1@2x.png */,
				61655CCC1A24721D00660E48 /* tab_property2@2x.png */,
				61655CCD1A24721D00660E48 /* tab_setting1@2x.png */,
				61655CCE1A24721D00660E48 /* tab_setting2@2x.png */,
			);
			path = Tabbar;
			sourceTree = "<group>";
		};
		61655CDD1A2478D500660E48 /* button */ = {
			isa = PBXGroup;
			children = (
				61655CDE1A2478D500660E48 /* proserver_loan_check_act_btn@2x.png */,
				61655CDF1A2478D500660E48 /* proserver_loan_check_btn@2x.png */,
			);
			path = button;
			sourceTree = "<group>";
		};
		61655CE51A2483C100660E48 /* DTTableView */ = {
			isa = PBXGroup;
			children = (
				61655CE61A2483C100660E48 /* DTTableView.h */,
				61655CE71A2483C100660E48 /* DTTableView.m */,
				61655CE81A2483C100660E48 /* DTTableViewCell.h */,
				61655CE91A2483C100660E48 /* DTTableViewCell.m */,
				61655CEA1A2483C100660E48 /* DTTableViewDataSource.h */,
				61655CEB1A2483C100660E48 /* DTTableViewDataSource.m */,
				61655CEC1A2483C100660E48 /* DTTableViewSectionDataSource.h */,
				61655CED1A2483C100660E48 /* DTTableViewSectionDataSource.m */,
			);
			path = DTTableView;
			sourceTree = "<group>";
		};
		61739B321A26F2D5007F973C /* DTImageView */ = {
			isa = PBXGroup;
			children = (
				61739B331A26F32E007F973C /* DTClickImageView.h */,
				61739B341A26F32E007F973C /* DTClickImageView.m */,
			);
			path = DTImageView;
			sourceTree = "<group>";
		};
		61739B681A271DE7007F973C /* image */ = {
			isa = PBXGroup;
			children = (
				61739B691A271DE7007F973C /* friendscircle_others_dialogbox_pic3@2x.png */,
				61739B6A1A271DE7007F973C /* friendscircle_others_smallhead_20@2x.png */,
				61739B6B1A271DE7007F973C /* pengyouquan_detail_pic@2x.png */,
			);
			path = image;
			sourceTree = "<group>";
		};
		61865A1B1A25D6DE0036F61C /* DTAlertView */ = {
			isa = PBXGroup;
			children = (
				61865A1C1A25D6F60036F61C /* DTAlertView.h */,
				61865A1D1A25D6F60036F61C /* DTAlertView.m */,
			);
			path = DTAlertView;
			sourceTree = "<group>";
		};
		61BDD2201A23305A00C15AE3 = {
			isa = PBXGroup;
			children = (
				61BDD22B1A23305A00C15AE3 /* DTKitDemo */,
				61BDD2451A23305B00C15AE3 /* DTKitDemoTests */,
				61BDD22A1A23305A00C15AE3 /* Products */,
			);
			sourceTree = "<group>";
		};
		61BDD22A1A23305A00C15AE3 /* Products */ = {
			isa = PBXGroup;
			children = (
				61BDD2291A23305A00C15AE3 /* DTKitDemo.app */,
				61BDD2421A23305B00C15AE3 /* DTKitDemoTests.xctest */,
			);
			name = Products;
			sourceTree = "<group>";
		};
		61BDD22B1A23305A00C15AE3 /* DTKitDemo */ = {
			isa = PBXGroup;
			children = (
				61BDD2521A2330DF00C15AE3 /* DTKit */,
				61BDD2301A23305A00C15AE3 /* AppDelegate.h */,
				61BDD2311A23305A00C15AE3 /* AppDelegate.m */,
				61BDD2331A23305A00C15AE3 /* ViewController.h */,
				61BDD2341A23305A00C15AE3 /* ViewController.m */,
				61BDD2361A23305A00C15AE3 /* Main.storyboard */,
				61655C971A2451D000660E48 /* controllers */,
				61655CC21A24721D00660E48 /* Resources */,
				61BDD2391A23305A00C15AE3 /* Images.xcassets */,
				61BDD23B1A23305A00C15AE3 /* LaunchScreen.xib */,
				61BDD22C1A23305A00C15AE3 /* Supporting Files */,
			);
			path = DTKitDemo;
			sourceTree = "<group>";
		};
		61BDD22C1A23305A00C15AE3 /* Supporting Files */ = {
			isa = PBXGroup;
			children = (
				61BDD22D1A23305A00C15AE3 /* Info.plist */,
				61BDD22E1A23305A00C15AE3 /* main.m */,
			);
			name = "Supporting Files";
			sourceTree = "<group>";
		};
		61BDD2451A23305B00C15AE3 /* DTKitDemoTests */ = {
			isa = PBXGroup;
			children = (
				61BDD2481A23305B00C15AE3 /* DTKitDemoTests.m */,
				61BDD2461A23305B00C15AE3 /* Supporting Files */,
			);
			path = DTKitDemoTests;
			sourceTree = "<group>";
		};
		61BDD2461A23305B00C15AE3 /* Supporting Files */ = {
			isa = PBXGroup;
			children = (
				61BDD2471A23305B00C15AE3 /* Info.plist */,
			);
			name = "Supporting Files";
			sourceTree = "<group>";
		};
		61BDD2521A2330DF00C15AE3 /* DTKit */ = {
			isa = PBXGroup;
			children = (
				613E4B421A36956A00A5F92C /* kit */,
				61D5CA2F1A30563C0061E49A /* addressBook */,
				614CF95C1A2C132100B96F45 /* albums */,
				614CF9511A2BF33700B96F45 /* private */,
				6142C4181A2874BB003693B3 /* network */,
				61655C9F1A245D1200660E48 /* third */,
				61655C7B1A2424FF00660E48 /* view */,
				61655C701A2424FF00660E48 /* category */,
				61655C741A2424FF00660E48 /* util */,
			);
			path = DTKit;
			sourceTree = SOURCE_ROOT;
		};
		61D5CA2F1A30563C0061E49A /* addressBook */ = {
			isa = PBXGroup;
			children = (
				61D5CA301A30565F0061E49A /* DTAddressBookTool.h */,
				61D5CA311A30565F0061E49A /* DTAddressBookTool.m */,
				61D5CA331A3056CB0061E49A /* DTAddressBookModel.h */,
				61D5CA341A3056CB0061E49A /* DTAddressBookModel.m */,
			);
			path = addressBook;
			sourceTree = "<group>";
		};
/* End PBXGroup section */

/* Begin PBXNativeTarget section */
		61BDD2281A23305A00C15AE3 /* DTKitDemo */ = {
			isa = PBXNativeTarget;
			buildConfigurationList = 61BDD24C1A23305B00C15AE3 /* Build configuration list for PBXNativeTarget "DTKitDemo" */;
			buildPhases = (
				61BDD2251A23305A00C15AE3 /* Sources */,
				61BDD2261A23305A00C15AE3 /* Frameworks */,
				61BDD2271A23305A00C15AE3 /* Resources */,
			);
			buildRules = (
			);
			dependencies = (
			);
			name = DTKitDemo;
			productName = DTKitDemo;
			productReference = 61BDD2291A23305A00C15AE3 /* DTKitDemo.app */;
			productType = "com.apple.product-type.application";
		};
		61BDD2411A23305B00C15AE3 /* DTKitDemoTests */ = {
			isa = PBXNativeTarget;
			buildConfigurationList = 61BDD24F1A23305B00C15AE3 /* Build configuration list for PBXNativeTarget "DTKitDemoTests" */;
			buildPhases = (
				61BDD23E1A23305B00C15AE3 /* Sources */,
				61BDD23F1A23305B00C15AE3 /* Frameworks */,
				61BDD2401A23305B00C15AE3 /* Resources */,
			);
			buildRules = (
			);
			dependencies = (
				61BDD2441A23305B00C15AE3 /* PBXTargetDependency */,
			);
			name = DTKitDemoTests;
			productName = DTKitDemoTests;
			productReference = 61BDD2421A23305B00C15AE3 /* DTKitDemoTests.xctest */;
			productType = "com.apple.product-type.bundle.unit-test";
		};
/* End PBXNativeTarget section */

/* Begin PBXProject section */
		61BDD2211A23305A00C15AE3 /* Project object */ = {
			isa = PBXProject;
			attributes = {
				LastUpgradeCheck = 0610;
				ORGANIZATIONNAME = DT;
				TargetAttributes = {
					61BDD2281A23305A00C15AE3 = {
						CreatedOnToolsVersion = 6.1;
					};
					61BDD2411A23305B00C15AE3 = {
						CreatedOnToolsVersion = 6.1;
						TestTargetID = 61BDD2281A23305A00C15AE3;
					};
				};
			};
			buildConfigurationList = 61BDD2241A23305A00C15AE3 /* Build configuration list for PBXProject "DTKitDemo" */;
			compatibilityVersion = "Xcode 3.2";
			developmentRegion = English;
			hasScannedForEncodings = 0;
			knownRegions = (
				en,
				Base,
				ko,
				"zh-Hans",
			);
			mainGroup = 61BDD2201A23305A00C15AE3;
			productRefGroup = 61BDD22A1A23305A00C15AE3 /* Products */;
			projectDirPath = "";
			projectRoot = "";
			targets = (
				61BDD2281A23305A00C15AE3 /* DTKitDemo */,
				61BDD2411A23305B00C15AE3 /* DTKitDemoTests */,
			);
		};
/* End PBXProject section */

/* Begin PBXResourcesBuildPhase section */
		61BDD2271A23305A00C15AE3 /* Resources */ = {
			isa = PBXResourcesBuildPhase;
			buildActionMask = 2147483647;
			files = (
				61BDD2381A23305A00C15AE3 /* Main.storyboard in Resources */,
				61655CD91A24721E00660E48 /* tab_setting2@2x.png in Resources */,
				61BDD23D1A23305A00C15AE3 /* LaunchScreen.xib in Resources */,
				61655CD31A24721E00660E48 /* tab_life2@2x.png in Resources */,
				61655CD41A24721E00660E48 /* tab_more1@2x.png in Resources */,
				61655CB11A245D1200660E48 /* MJRefresh.bundle in Resources */,
				61655CE11A2478D500660E48 /* proserver_loan_check_btn@2x.png in Resources */,
				61655CCF1A24721D00660E48 /* tab_bottom_bar_bg@2x.png in Resources */,
				61655CD21A24721E00660E48 /* tab_life1@2x.png in Resources */,
				61739B6D1A271DE7007F973C /* friendscircle_others_smallhead_20@2x.png in Resources */,
				61655CE01A2478D500660E48 /* proserver_loan_check_act_btn@2x.png in Resources */,
				61739B6E1A271DE7007F973C /* pengyouquan_detail_pic@2x.png in Resources */,
				61BDD23A1A23305A00C15AE3 /* Images.xcassets in Resources */,
				61655CD11A24721E00660E48 /* tab_home2@2x.png in Resources */,
				61655CD61A24721E00660E48 /* tab_property1@2x.png in Resources */,
				61655CD51A24721E00660E48 /* tab_more2@2x.png in Resources */,
				61655CD01A24721E00660E48 /* tab_home1@2x.png in Resources */,
				61655CD71A24721E00660E48 /* tab_property2@2x.png in Resources */,
				61739B6C1A271DE7007F973C /* friendscircle_others_dialogbox_pic3@2x.png in Resources */,
				61655CD81A24721E00660E48 /* tab_setting1@2x.png in Resources */,
			);
			runOnlyForDeploymentPostprocessing = 0;
		};
		61BDD2401A23305B00C15AE3 /* Resources */ = {
			isa = PBXResourcesBuildPhase;
			buildActionMask = 2147483647;
			files = (
			);
			runOnlyForDeploymentPostprocessing = 0;
		};
/* End PBXResourcesBuildPhase section */

/* Begin PBXSourcesBuildPhase section */
		61BDD2251A23305A00C15AE3 /* Sources */ = {
			isa = PBXSourcesBuildPhase;
			buildActionMask = 2147483647;
			files = (
				614CF9431A2BF19500B96F45 /* SDImageCache.m in Sources */,
				61D5CA351A3056CB0061E49A /* DTAddressBookModel.m in Sources */,
				614CF94A1A2BF19500B96F45 /* UIButton+WebCache.m in Sources */,
				61655CB51A245D1200660E48 /* MJRefreshHeaderView.m in Sources */,
				61739B311A26EAF9007F973C /* DTAlertViewController.m in Sources */,
				6142C40F1A2874B4003693B3 /* AFHTTPRequestOperation.m in Sources */,
				61655C8E1A2424FF00660E48 /* DTCycleScrollView.m in Sources */,
				61BDD2351A23305A00C15AE3 /* ViewController.m in Sources */,
				6142C3F21A2821EC003693B3 /* DTUserDefaultsController.m in Sources */,
				614CF9451A2BF19500B96F45 /* SDWebImageDecoder.m in Sources */,
				6142C4131A2874B4003693B3 /* AFSecurityPolicy.m in Sources */,
				614CF9491A2BF19500B96F45 /* SDWebImagePrefetcher.m in Sources */,
				6132B73B1A2F097000C0C6D3 /* DTSystemCommon.m in Sources */,
				6132B7301A2EEB0200C0C6D3 /* DTAlbumDetailsController.m in Sources */,
				61655C9A1A2451E900660E48 /* DTCycleScrollViewController.m in Sources */,
				6142C4241A2874BB003693B3 /* DTNetworkResultResponse.m in Sources */,
				61655CB61A245D1200660E48 /* UIScrollView+MJExtension.m in Sources */,
				614CF9421A2BF19500B96F45 /* NSData+ImageContentType.m in Sources */,
				6165DC6A1A393AED00042703 /* DTPrivateToolInstalledAppsController.m in Sources */,
				614CF94B1A2BF19500B96F45 /* UIImage+GIF.m in Sources */,
				6142C3EF1A280D46003693B3 /* DTUserDefaults.m in Sources */,
				61739B671A27185C007F973C /* DTImageViewController.m in Sources */,
				614CF94E1A2BF19500B96F45 /* UIImageView+HighlightedWebCache.m in Sources */,
				61713EC61A37F89E0030327D /* DTInstalledAppModel.m in Sources */,
				61D5CA321A30565F0061E49A /* DTAddressBookTool.m in Sources */,
				61655CB31A245D1200660E48 /* MJRefreshConst.m in Sources */,
				61655C8B1A2424FF00660E48 /* DateUtil.m in Sources */,
				61865A0E1A25A47C0036F61C /* DTTableViewStyleCell2.m in Sources */,
				6142C3F91A2860FA003693B3 /* DTLabelController.m in Sources */,
				61655C961A2426B700660E48 /* DTButton.m in Sources */,
				61655CF01A2483C100660E48 /* DTTableViewDataSource.m in Sources */,
				614CF9411A2BF19500B96F45 /* MKAnnotationView+WebCache.m in Sources */,
				61655CB81A245D1200660E48 /* UIView+MJExtension.m in Sources */,
				61655CDC1A24742900660E48 /* DTButtonController.m in Sources */,
				614CF9461A2BF19500B96F45 /* SDWebImageDownloader.m in Sources */,
				6142C4151A2874B4003693B3 /* AFURLRequestSerialization.m in Sources */,
				6165DC671A39352400042703 /* DTPrivateToolController.m in Sources */,
				61655CF11A2483C100660E48 /* DTTableViewSectionDataSource.m in Sources */,
				61865A111A25AC5D0036F61C /* DTTableViewStyle3Controller.m in Sources */,
				6142C4161A2874B4003693B3 /* AFURLResponseSerialization.m in Sources */,
				61739B351A26F32E007F973C /* DTClickImageView.m in Sources */,
				614CF9501A2BF19500B96F45 /* UIView+WebCacheOperation.m in Sources */,
				61655CEF1A2483C100660E48 /* DTTableViewCell.m in Sources */,
				61655C8F1A2424FF00660E48 /* DTGridTableView.m in Sources */,
				614CF91E1A2BF18E00B96F45 /* DTString+Check.m in Sources */,
				61655CBB1A24639D00660E48 /* DTGridTableCellView.m in Sources */,
				6142C4231A2874BB003693B3 /* DTNetworkRequestUtil.m in Sources */,
				618659FB1A256D1D0036F61C /* DTTableViewController.m in Sources */,
				6132B72D1A2EA82E00C0C6D3 /* DTAlbumEngine.m in Sources */,
				61655C911A2424FF00660E48 /* DTTabBar.m in Sources */,
				61655CB71A245D1200660E48 /* UIScrollView+MJRefresh.m in Sources */,
				61655C8A1A2424FF00660E48 /* DTImage+Category.m in Sources */,
				61655CC11A24700400660E48 /* DTTabBarController.m in Sources */,
				614CF94F1A2BF19500B96F45 /* UIImageView+WebCache.m in Sources */,
				61865A021A257BBF0036F61C /* DTTableViewControllerCell.m in Sources */,
				614CF9471A2BF19500B96F45 /* SDWebImageDownloaderOperation.m in Sources */,
				61655CBE1A24693D00660E48 /* DTGridTableViewController.m in Sources */,
				6142C4121A2874B4003693B3 /* AFNetworkReachabilityManager.m in Sources */,
				61655CB21A245D1200660E48 /* MJRefreshBaseView.m in Sources */,
				614CF9481A2BF19500B96F45 /* SDWebImageManager.m in Sources */,
				6165DC6D1A396E8800042703 /* DTInstalledAppsDetailController.m in Sources */,
				61865A0B1A25A46D0036F61C /* DTTableViewStyleCell1.m in Sources */,
				61655CB41A245D1200660E48 /* MJRefreshFooterView.m in Sources */,
				614CF94D1A2BF19500B96F45 /* UIImage+WebP.m in Sources */,
				6132B7291A2E9E2600C0C6D3 /* DTAlbumToolController.m in Sources */,
				614CF95B1A2C010600B96F45 /* DTPrivateTool.m in Sources */,
				614CF94C1A2BF19500B96F45 /* UIImage+MultiFormat.m in Sources */,
				61713EFC1A3833AC0030327D /* DTAddressBookToolController.m in Sources */,
				61655CE41A247CDD00660E48 /* DTImageTopButton.m in Sources */,
				61865A1A1A25CA030036F61C /* DTTableViewStyle4Controller.m in Sources */,
				61655CEE1A2483C100660E48 /* DTTableView.m in Sources */,
				61655C921A2424FF00660E48 /* DTTabBarItem.m in Sources */,
				614CF95F1A2C133000B96F45 /* DTAlbumTool.m in Sources */,
				6142C4211A2874BB003693B3 /* DTNetworkCache.m in Sources */,
				6142C4111A2874B4003693B3 /* AFHTTPSessionManager.m in Sources */,
				61BDD2321A23305A00C15AE3 /* AppDelegate.m in Sources */,
				6142C4171A2874B4003693B3 /* AFURLSessionManager.m in Sources */,
				6142C4141A2874B4003693B3 /* AFURLConnectionOperation.m in Sources */,
				61865A081A25A3610036F61C /* DTTableViewStyle2Controller.m in Sources */,
				6142C4101A2874B4003693B3 /* AFHTTPRequestOperationManager.m in Sources */,
				61BDD22F1A23305A00C15AE3 /* main.m in Sources */,
				61713F001A383BF50030327D /* DTAddressBookDetailController.m in Sources */,
				6142C3F61A2848CB003693B3 /* DTLabel.m in Sources */,
				61865A1E1A25D6F60036F61C /* DTAlertView.m in Sources */,
				614CF9441A2BF19500B96F45 /* SDWebImageCompat.m in Sources */,
				61655C901A2424FF00660E48 /* DTGridTableViewCell.m in Sources */,
				61865A051A2580040036F61C /* DTTableViewStyle1Controller.m in Sources */,
			);
			runOnlyForDeploymentPostprocessing = 0;
		};
		61BDD23E1A23305B00C15AE3 /* Sources */ = {
			isa = PBXSourcesBuildPhase;
			buildActionMask = 2147483647;
			files = (
				61BDD2491A23305B00C15AE3 /* DTKitDemoTests.m in Sources */,
			);
			runOnlyForDeploymentPostprocessing = 0;
		};
/* End PBXSourcesBuildPhase section */

/* Begin PBXTargetDependency section */
		61BDD2441A23305B00C15AE3 /* PBXTargetDependency */ = {
			isa = PBXTargetDependency;
			target = 61BDD2281A23305A00C15AE3 /* DTKitDemo */;
			targetProxy = 61BDD2431A23305B00C15AE3 /* PBXContainerItemProxy */;
		};
/* End PBXTargetDependency section */

/* Begin PBXVariantGroup section */
		61BDD2361A23305A00C15AE3 /* Main.storyboard */ = {
			isa = PBXVariantGroup;
			children = (
				61BDD2371A23305A00C15AE3 /* Base */,
			);
			name = Main.storyboard;
			sourceTree = "<group>";
		};
		61BDD23B1A23305A00C15AE3 /* LaunchScreen.xib */ = {
			isa = PBXVariantGroup;
			children = (
				61BDD23C1A23305A00C15AE3 /* Base */,
			);
			name = LaunchScreen.xib;
			sourceTree = "<group>";
		};
/* End PBXVariantGroup section */

/* Begin XCBuildConfiguration section */
		61BDD24A1A23305B00C15AE3 /* Debug */ = {
			isa = XCBuildConfiguration;
			buildSettings = {
				ALWAYS_SEARCH_USER_PATHS = NO;
				CLANG_CXX_LANGUAGE_STANDARD = "gnu++0x";
				CLANG_CXX_LIBRARY = "libc++";
				CLANG_ENABLE_MODULES = YES;
				CLANG_ENABLE_OBJC_ARC = YES;
				CLANG_WARN_BOOL_CONVERSION = YES;
				CLANG_WARN_CONSTANT_CONVERSION = YES;
				CLANG_WARN_DIRECT_OBJC_ISA_USAGE = YES_ERROR;
				CLANG_WARN_EMPTY_BODY = YES;
				CLANG_WARN_ENUM_CONVERSION = YES;
				CLANG_WARN_INT_CONVERSION = YES;
				CLANG_WARN_OBJC_ROOT_CLASS = YES_ERROR;
				CLANG_WARN_UNREACHABLE_CODE = YES;
				CLANG_WARN__DUPLICATE_METHOD_MATCH = YES;
				"CODE_SIGN_IDENTITY[sdk=iphoneos*]" = "iPhone Developer";
				COPY_PHASE_STRIP = NO;
				ENABLE_STRICT_OBJC_MSGSEND = YES;
				GCC_C_LANGUAGE_STANDARD = gnu99;
				GCC_DYNAMIC_NO_PIC = NO;
				GCC_OPTIMIZATION_LEVEL = 0;
				GCC_PREPROCESSOR_DEFINITIONS = (
					"DEBUG=1",
					"$(inherited)",
				);
				GCC_SYMBOLS_PRIVATE_EXTERN = NO;
				GCC_WARN_64_TO_32_BIT_CONVERSION = YES;
				GCC_WARN_ABOUT_RETURN_TYPE = YES_ERROR;
				GCC_WARN_UNDECLARED_SELECTOR = YES;
				GCC_WARN_UNINITIALIZED_AUTOS = YES_AGGRESSIVE;
				GCC_WARN_UNUSED_FUNCTION = YES;
				GCC_WARN_UNUSED_VARIABLE = YES;
				IPHONEOS_DEPLOYMENT_TARGET = 6.0;
				MTL_ENABLE_DEBUG_INFO = YES;
				ONLY_ACTIVE_ARCH = YES;
				SDKROOT = iphoneos;
			};
			name = Debug;
		};
		61BDD24B1A23305B00C15AE3 /* Release */ = {
			isa = XCBuildConfiguration;
			buildSettings = {
				ALWAYS_SEARCH_USER_PATHS = NO;
				CLANG_CXX_LANGUAGE_STANDARD = "gnu++0x";
				CLANG_CXX_LIBRARY = "libc++";
				CLANG_ENABLE_MODULES = YES;
				CLANG_ENABLE_OBJC_ARC = YES;
				CLANG_WARN_BOOL_CONVERSION = YES;
				CLANG_WARN_CONSTANT_CONVERSION = YES;
				CLANG_WARN_DIRECT_OBJC_ISA_USAGE = YES_ERROR;
				CLANG_WARN_EMPTY_BODY = YES;
				CLANG_WARN_ENUM_CONVERSION = YES;
				CLANG_WARN_INT_CONVERSION = YES;
				CLANG_WARN_OBJC_ROOT_CLASS = YES_ERROR;
				CLANG_WARN_UNREACHABLE_CODE = YES;
				CLANG_WARN__DUPLICATE_METHOD_MATCH = YES;
				"CODE_SIGN_IDENTITY[sdk=iphoneos*]" = "iPhone Developer";
				COPY_PHASE_STRIP = YES;
				ENABLE_NS_ASSERTIONS = NO;
				ENABLE_STRICT_OBJC_MSGSEND = YES;
				GCC_C_LANGUAGE_STANDARD = gnu99;
				GCC_WARN_64_TO_32_BIT_CONVERSION = YES;
				GCC_WARN_ABOUT_RETURN_TYPE = YES_ERROR;
				GCC_WARN_UNDECLARED_SELECTOR = YES;
				GCC_WARN_UNINITIALIZED_AUTOS = YES_AGGRESSIVE;
				GCC_WARN_UNUSED_FUNCTION = YES;
				GCC_WARN_UNUSED_VARIABLE = YES;
				IPHONEOS_DEPLOYMENT_TARGET = 6.0;
				MTL_ENABLE_DEBUG_INFO = NO;
				SDKROOT = iphoneos;
				VALIDATE_PRODUCT = YES;
			};
			name = Release;
		};
		61BDD24D1A23305B00C15AE3 /* Debug */ = {
			isa = XCBuildConfiguration;
			buildSettings = {
				ASSETCATALOG_COMPILER_APPICON_NAME = AppIcon;
				INFOPLIST_FILE = DTKitDemo/Info.plist;
				LD_RUNPATH_SEARCH_PATHS = "$(inherited) @executable_path/Frameworks";
				LIBRARY_SEARCH_PATHS = (
					"$(inherited)",
					/Users/DT/Downloads/TFramework/TOther/WeChatSDK,
					"$(PROJECT_DIR)/DTKit/kit/IO",
				);
				PRODUCT_NAME = "$(TARGET_NAME)";
			};
			name = Debug;
		};
		61BDD24E1A23305B00C15AE3 /* Release */ = {
			isa = XCBuildConfiguration;
			buildSettings = {
				ASSETCATALOG_COMPILER_APPICON_NAME = AppIcon;
				INFOPLIST_FILE = DTKitDemo/Info.plist;
				LD_RUNPATH_SEARCH_PATHS = "$(inherited) @executable_path/Frameworks";
				LIBRARY_SEARCH_PATHS = (
					"$(inherited)",
					/Users/DT/Downloads/TFramework/TOther/WeChatSDK,
					"$(PROJECT_DIR)/DTKit/kit/IO",
				);
				PRODUCT_NAME = "$(TARGET_NAME)";
			};
			name = Release;
		};
		61BDD2501A23305B00C15AE3 /* Debug */ = {
			isa = XCBuildConfiguration;
			buildSettings = {
				BUNDLE_LOADER = "$(TEST_HOST)";
				FRAMEWORK_SEARCH_PATHS = (
					"$(SDKROOT)/Developer/Library/Frameworks",
					"$(inherited)",
				);
				GCC_PREPROCESSOR_DEFINITIONS = (
					"DEBUG=1",
					"$(inherited)",
				);
				INFOPLIST_FILE = DTKitDemoTests/Info.plist;
				LD_RUNPATH_SEARCH_PATHS = "$(inherited) @executable_path/Frameworks @loader_path/Frameworks";
				PRODUCT_NAME = "$(TARGET_NAME)";
				TEST_HOST = "$(BUILT_PRODUCTS_DIR)/DTKitDemo.app/DTKitDemo";
			};
			name = Debug;
		};
		61BDD2511A23305B00C15AE3 /* Release */ = {
			isa = XCBuildConfiguration;
			buildSettings = {
				BUNDLE_LOADER = "$(TEST_HOST)";
				FRAMEWORK_SEARCH_PATHS = (
					"$(SDKROOT)/Developer/Library/Frameworks",
					"$(inherited)",
				);
				INFOPLIST_FILE = DTKitDemoTests/Info.plist;
				LD_RUNPATH_SEARCH_PATHS = "$(inherited) @executable_path/Frameworks @loader_path/Frameworks";
				PRODUCT_NAME = "$(TARGET_NAME)";
				TEST_HOST = "$(BUILT_PRODUCTS_DIR)/DTKitDemo.app/DTKitDemo";
			};
			name = Release;
		};
/* End XCBuildConfiguration section */

/* Begin XCConfigurationList section */
		61BDD2241A23305A00C15AE3 /* Build configuration list for PBXProject "DTKitDemo" */ = {
			isa = XCConfigurationList;
			buildConfigurations = (
				61BDD24A1A23305B00C15AE3 /* Debug */,
				61BDD24B1A23305B00C15AE3 /* Release */,
			);
			defaultConfigurationIsVisible = 0;
			defaultConfigurationName = Release;
		};
		61BDD24C1A23305B00C15AE3 /* Build configuration list for PBXNativeTarget "DTKitDemo" */ = {
			isa = XCConfigurationList;
			buildConfigurations = (
				61BDD24D1A23305B00C15AE3 /* Debug */,
				61BDD24E1A23305B00C15AE3 /* Release */,
			);
			defaultConfigurationIsVisible = 0;
			defaultConfigurationName = Release;
		};
		61BDD24F1A23305B00C15AE3 /* Build configuration list for PBXNativeTarget "DTKitDemoTests" */ = {
			isa = XCConfigurationList;
			buildConfigurations = (
				61BDD2501A23305B00C15AE3 /* Debug */,
				61BDD2511A23305B00C15AE3 /* Release */,
			);
			defaultConfigurationIsVisible = 0;
			defaultConfigurationName = Release;
		};
/* End XCConfigurationList section */
	};
	rootObject = 61BDD2211A23305A00C15AE3 /* Project object */;
}
